// !$*UTF8*$!
{
	archiveVersion = 1;
	classes = {
	};
	objectVersion = 46;
	objects = {

/* Begin PBXBuildFile section */
		554760721F78464700C867C6 /* Media.xcassets in Resources */ = {isa = PBXBuildFile; fileRef = 554760711F78464700C867C6 /* Media.xcassets */; };
		6C2AD44A1F51A0BE00E2F8B9 /* WhiteView.swift in Sources */ = {isa = PBXBuildFile; fileRef = 6C2AD4491F51A0BE00E2F8B9 /* WhiteView.swift */; };
		6C2AD44C1F51A4BB00E2F8B9 /* AddColorPainter.swift in Sources */ = {isa = PBXBuildFile; fileRef = 6C2AD44B1F51A4BB00E2F8B9 /* AddColorPainter.swift */; };
		6C2EF95520CAC0A400FAB8CA /* TestBitmap.stack in Resources */ = {isa = PBXBuildFile; fileRef = 6C2EF95320CAC0A300FAB8CA /* TestBitmap.stack */; };
		6C2EF95820CAC0E900FAB8CA /* TestBitmap 1.gif in Resources */ = {isa = PBXBuildFile; fileRef = 6C2EF95720CAC0E900FAB8CA /* TestBitmap 1.gif */; };
		6C30878D1F48957100CCA9A7 /* PartLoading.swift in Sources */ = {isa = PBXBuildFile; fileRef = 6C30878C1F48957100CCA9A7 /* PartLoading.swift */; };
		6C30E8D11F4D117A00ACB457 /* StringComparison.swift in Sources */ = {isa = PBXBuildFile; fileRef = 6C30E8D01F4D117A00ACB457 /* StringComparison.swift */; };
		6C549B1C1F50DA0000836AE2 /* RgbConversion.swift in Sources */ = {isa = PBXBuildFile; fileRef = 6C549B1B1F50DA0000836AE2 /* RgbConversion.swift */; };
		6C56FD081F56BBA40036FF8A /* TestStrangeFlags.stack in Resources */ = {isa = PBXBuildFile; fileRef = 6C56FD071F56BBA40036FF8A /* TestStrangeFlags.stack */; };
		6C56FD0A1F56BC2B0036FF8A /* DataTests.swift in Sources */ = {isa = PBXBuildFile; fileRef = 6C56FD091F56BC2B0036FF8A /* DataTests.swift */; };
		6C6064071F5B1DF600988560 /* HdmxTableReader.swift in Sources */ = {isa = PBXBuildFile; fileRef = 6C6064061F5B1DF600988560 /* HdmxTableReader.swift */; };
		6C76AA9820C5956C009A3446 /* Computation.swift in Sources */ = {isa = PBXBuildFile; fileRef = 6C76AA9720C5956C009A3446 /* Computation.swift */; };
		6C7F7B9C1F4F7A1F00C9D3DC /* TestFieldProperties.stack in Resources */ = {isa = PBXBuildFile; fileRef = 6C7F7B9B1F4F7A1F00C9D3DC /* TestFieldProperties.stack */; };
		6C7F7B9E1F4F7AF500C9D3DC /* TestFreeSize.stack in Resources */ = {isa = PBXBuildFile; fileRef = 6C7F7B9D1F4F7AF500C9D3DC /* TestFreeSize.stack */; };
		6C7F7BA21F4F7DD200C9D3DC /* TestContents.stack in Resources */ = {isa = PBXBuildFile; fileRef = 6C7F7BA11F4F7DD200C9D3DC /* TestContents.stack */; };
		6C7F7BA61F4F845900C9D3DC /* TestFormattedContent.stack in Resources */ = {isa = PBXBuildFile; fileRef = 6C7F7BA51F4F845900C9D3DC /* TestFormattedContent.stack */; };
		6C7F7BA81F4F9C3500C9D3DC /* TestV1.stack in Resources */ = {isa = PBXBuildFile; fileRef = 6C7F7BA71F4F9C3500C9D3DC /* TestV1.stack */; };
		6C8746271F5402E0005A41AB /* Responder.swift in Sources */ = {isa = PBXBuildFile; fileRef = 6C8746261F5402E0005A41AB /* Responder.swift */; };
		6C9DF4D620C703DF0024F61B /* ResourceRepositoryLoading.swift in Sources */ = {isa = PBXBuildFile; fileRef = 6C9DF4D520C703DF0024F61B /* ResourceRepositoryLoading.swift */; };
		6C9DF4D820C708A80024F61B /* MainRepository.swift in Sources */ = {isa = PBXBuildFile; fileRef = 6C9DF4D720C708A80024F61B /* MainRepository.swift */; };
		6C9DF4F920C7252C0024F61B /* ResourceMapReader.swift in Sources */ = {isa = PBXBuildFile; fileRef = 6C9DF4F120C7252C0024F61B /* ResourceMapReader.swift */; };
		6C9DF4FA20C7252D0024F61B /* FontFamilyResourceReader.swift in Sources */ = {isa = PBXBuildFile; fileRef = 6C9DF4F220C7252C0024F61B /* FontFamilyResourceReader.swift */; };
		6C9DF4FB20C7252D0024F61B /* BitmapFontResourceReader.swift in Sources */ = {isa = PBXBuildFile; fileRef = 6C9DF4F320C7252C0024F61B /* BitmapFontResourceReader.swift */; };
		6C9DF4FD20C7252D0024F61B /* ResourceRepositoryReader.swift in Sources */ = {isa = PBXBuildFile; fileRef = 6C9DF4F520C7252C0024F61B /* ResourceRepositoryReader.swift */; };
		6C9DF4FE20C7252D0024F61B /* ColorResourceReader.swift in Sources */ = {isa = PBXBuildFile; fileRef = 6C9DF4F620C7252C0024F61B /* ColorResourceReader.swift */; };
		6C9DF50020C725620024F61B /* ResourceReference.swift in Sources */ = {isa = PBXBuildFile; fileRef = 6C9DF4FF20C725620024F61B /* ResourceReference.swift */; };
		6C9DF50220C7257C0024F61B /* AddColor.swift in Sources */ = {isa = PBXBuildFile; fileRef = 6C9DF50120C7257C0024F61B /* AddColor.swift */; };
		6C9DF50420C726090024F61B /* ResourceExtractor.swift in Sources */ = {isa = PBXBuildFile; fileRef = 6C9DF50320C726090024F61B /* ResourceExtractor.swift */; };
		6C9DF50720C732B10024F61B /* RichText.swift in Sources */ = {isa = PBXBuildFile; fileRef = 6C9DF50620C732B10024F61B /* RichText.swift */; };
		6C9DF50B20C73A8A0024F61B /* TextLayout.swift in Sources */ = {isa = PBXBuildFile; fileRef = 6C9DF50A20C73A8A0024F61B /* TextLayout.swift */; };
		6C9DF50D20C7445A0024F61B /* TextDrawing.swift in Sources */ = {isa = PBXBuildFile; fileRef = 6C9DF50C20C7445A0024F61B /* TextDrawing.swift */; };
		6C9E6A901E75BCCD00BBF925 /* HyperCardCommon.h in Headers */ = {isa = PBXBuildFile; fileRef = 6C9E6A8E1E75BCCD00BBF925 /* HyperCardCommon.h */; settings = {ATTRIBUTES = (Public, ); }; };
		6C9E6AFB1E75BCFA00BBF925 /* Browser.swift in Sources */ = {isa = PBXBuildFile; fileRef = 6C9E6A9C1E75BCFA00BBF925 /* Browser.swift */; };
		6C9E6AFD1E75BCFA00BBF925 /* CommonTypes.swift in Sources */ = {isa = PBXBuildFile; fileRef = 6C9E6A9E1E75BCFA00BBF925 /* CommonTypes.swift */; };
		6C9E6AFE1E75BCFA00BBF925 /* Numeric Functions.swift in Sources */ = {isa = PBXBuildFile; fileRef = 6C9E6A9F1E75BCFA00BBF925 /* Numeric Functions.swift */; };
		6C9E6AFF1E75BCFA00BBF925 /* HyperCardBundle.swift in Sources */ = {isa = PBXBuildFile; fileRef = 6C9E6AA01E75BCFA00BBF925 /* HyperCardBundle.swift */; };
		6C9E6B001E75BCFA00BBF925 /* NumericName.swift in Sources */ = {isa = PBXBuildFile; fileRef = 6C9E6AA11E75BCFA00BBF925 /* NumericName.swift */; };
		6C9E6B011E75BCFA00BBF925 /* HString.swift in Sources */ = {isa = PBXBuildFile; fileRef = 6C9E6AA21E75BCFA00BBF925 /* HString.swift */; };
		6C9E6B021E75BCFA00BBF925 /* SearchHash.swift in Sources */ = {isa = PBXBuildFile; fileRef = 6C9E6AA31E75BCFA00BBF925 /* SearchHash.swift */; };
		6C9E6B031E75BCFA00BBF925 /* Stack.swift in Sources */ = {isa = PBXBuildFile; fileRef = 6C9E6AA51E75BCFA00BBF925 /* Stack.swift */; };
		6C9E6B041E75BCFA00BBF925 /* Layer.swift in Sources */ = {isa = PBXBuildFile; fileRef = 6C9E6AA61E75BCFA00BBF925 /* Layer.swift */; };
		6C9E6B051E75BCFA00BBF925 /* Card.swift in Sources */ = {isa = PBXBuildFile; fileRef = 6C9E6AA71E75BCFA00BBF925 /* Card.swift */; };
		6C9E6B061E75BCFA00BBF925 /* Background.swift in Sources */ = {isa = PBXBuildFile; fileRef = 6C9E6AA81E75BCFA00BBF925 /* Background.swift */; };
		6C9E6B071E75BCFA00BBF925 /* Part.swift in Sources */ = {isa = PBXBuildFile; fileRef = 6C9E6AA91E75BCFA00BBF925 /* Part.swift */; };
		6C9E6B081E75BCFA00BBF925 /* Field.swift in Sources */ = {isa = PBXBuildFile; fileRef = 6C9E6AAA1E75BCFA00BBF925 /* Field.swift */; };
		6C9E6B091E75BCFA00BBF925 /* Button.swift in Sources */ = {isa = PBXBuildFile; fileRef = 6C9E6AAB1E75BCFA00BBF925 /* Button.swift */; };
		6C9E6B0A1E75BCFA00BBF925 /* Resource.swift in Sources */ = {isa = PBXBuildFile; fileRef = 6C9E6AAD1E75BCFA00BBF925 /* Resource.swift */; };
		6C9E6B0B1E75BCFA00BBF925 /* ResourceRepository.swift in Sources */ = {isa = PBXBuildFile; fileRef = 6C9E6AAE1E75BCFA00BBF925 /* ResourceRepository.swift */; };
		6C9E6B0C1E75BCFA00BBF925 /* ResourceSystem.swift in Sources */ = {isa = PBXBuildFile; fileRef = 6C9E6AAF1E75BCFA00BBF925 /* ResourceSystem.swift */; };
		6C9E6B0D1E75BCFA00BBF925 /* FontFamily.swift in Sources */ = {isa = PBXBuildFile; fileRef = 6C9E6AB01E75BCFA00BBF925 /* FontFamily.swift */; };
		6C9E6B0E1E75BCFA00BBF925 /* BitmapFont.swift in Sources */ = {isa = PBXBuildFile; fileRef = 6C9E6AB11E75BCFA00BBF925 /* BitmapFont.swift */; };
		6C9E6B101E75BCFA00BBF925 /* ClassicFile.swift in Sources */ = {isa = PBXBuildFile; fileRef = 6C9E6AB51E75BCFA00BBF925 /* ClassicFile.swift */; };
		6C9E6B111E75BCFA00BBF925 /* DataRange.swift in Sources */ = {isa = PBXBuildFile; fileRef = 6C9E6AB61E75BCFA00BBF925 /* DataRange.swift */; };
		6C9E6B141E75BCFA00BBF925 /* StackLoading.swift in Sources */ = {isa = PBXBuildFile; fileRef = 6C9E6ABA1E75BCFA00BBF925 /* StackLoading.swift */; };
		6C9E6B321E75BCFA00BBF925 /* LayerLoading.swift in Sources */ = {isa = PBXBuildFile; fileRef = 6C9E6ADC1E75BCFA00BBF925 /* LayerLoading.swift */; };
		6C9E6B331E75BCFA00BBF925 /* CardLoading.swift in Sources */ = {isa = PBXBuildFile; fileRef = 6C9E6ADD1E75BCFA00BBF925 /* CardLoading.swift */; };
		6C9E6B341E75BCFA00BBF925 /* BackgroundLoading.swift in Sources */ = {isa = PBXBuildFile; fileRef = 6C9E6ADE1E75BCFA00BBF925 /* BackgroundLoading.swift */; };
		6C9E6B351E75BCFA00BBF925 /* FieldLoading.swift in Sources */ = {isa = PBXBuildFile; fileRef = 6C9E6ADF1E75BCFA00BBF925 /* FieldLoading.swift */; };
		6C9E6B361E75BCFA00BBF925 /* ButtonLoading.swift in Sources */ = {isa = PBXBuildFile; fileRef = 6C9E6AE01E75BCFA00BBF925 /* ButtonLoading.swift */; };
		6C9E6B381E75BCFA00BBF925 /* FontFamilyLoading.swift in Sources */ = {isa = PBXBuildFile; fileRef = 6C9E6AE31E75BCFA00BBF925 /* FontFamilyLoading.swift */; };
		6C9E6B391E75BCFA00BBF925 /* BitmapFontLoading.swift in Sources */ = {isa = PBXBuildFile; fileRef = 6C9E6AE41E75BCFA00BBF925 /* BitmapFontLoading.swift */; };
		6C9E6B3B1E75BCFA00BBF925 /* Image.swift in Sources */ = {isa = PBXBuildFile; fileRef = 6C9E6AE91E75BCFA00BBF925 /* Image.swift */; };
		6C9E6B3C1E75BCFA00BBF925 /* MaskedImage.swift in Sources */ = {isa = PBXBuildFile; fileRef = 6C9E6AEA1E75BCFA00BBF925 /* MaskedImage.swift */; };
		6C9E6B3D1E75BCFA00BBF925 /* Drawing.swift in Sources */ = {isa = PBXBuildFile; fileRef = 6C9E6AEB1E75BCFA00BBF925 /* Drawing.swift */; };
		6C9E6B3E1E75BCFA00BBF925 /* Icon Mask.swift in Sources */ = {isa = PBXBuildFile; fileRef = 6C9E6AEC1E75BCFA00BBF925 /* Icon Mask.swift */; };
		6C9E6B3F1E75BCFA00BBF925 /* View.swift in Sources */ = {isa = PBXBuildFile; fileRef = 6C9E6AED1E75BCFA00BBF925 /* View.swift */; };
		6C9E6B411E75BCFA00BBF925 /* LayerView.swift in Sources */ = {isa = PBXBuildFile; fileRef = 6C9E6AEF1E75BCFA00BBF925 /* LayerView.swift */; };
		6C9E6B421E75BCFA00BBF925 /* PartView.swift in Sources */ = {isa = PBXBuildFile; fileRef = 6C9E6AF01E75BCFA00BBF925 /* PartView.swift */; };
		6C9E6B461E75BCFA00BBF925 /* FieldView.swift in Sources */ = {isa = PBXBuildFile; fileRef = 6C9E6AF41E75BCFA00BBF925 /* FieldView.swift */; };
		6C9E6B471E75BCFA00BBF925 /* FontManager.swift in Sources */ = {isa = PBXBuildFile; fileRef = 6C9E6AF61E75BCFA00BBF925 /* FontManager.swift */; };
		6C9E6B481E75BCFA00BBF925 /* FontDecorating.swift in Sources */ = {isa = PBXBuildFile; fileRef = 6C9E6AF71E75BCFA00BBF925 /* FontDecorating.swift */; };
		6C9E6B491E75BCFA00BBF925 /* VectorFontConverting.swift in Sources */ = {isa = PBXBuildFile; fileRef = 6C9E6AF81E75BCFA00BBF925 /* VectorFontConverting.swift */; };
		6CA2CCB820C829DD0042148A /* OpeningError.swift in Sources */ = {isa = PBXBuildFile; fileRef = 6CA2CCB720C829DD0042148A /* OpeningError.swift */; };
		6CA2CCBA20C82A500042148A /* HyperCardFile.swift in Sources */ = {isa = PBXBuildFile; fileRef = 6CA2CCB920C82A500042148A /* HyperCardFile.swift */; };
		6CA2CCBC20C82A6C0042148A /* HyperCardFileLoading.swift in Sources */ = {isa = PBXBuildFile; fileRef = 6CA2CCBB20C82A6C0042148A /* HyperCardFileLoading.swift */; };
		6CA2CCC020C82F820042148A /* StackBlockDecrypter.swift in Sources */ = {isa = PBXBuildFile; fileRef = 6CA2CCBF20C82F820042148A /* StackBlockDecrypter.swift */; };
		6CA2CCC820C83DE10042148A /* Icon.swift in Sources */ = {isa = PBXBuildFile; fileRef = 6CA2CCC720C83DE10042148A /* Icon.swift */; };
		6CA2CCCA20C83FF40042148A /* VectorFont.swift in Sources */ = {isa = PBXBuildFile; fileRef = 6CA2CCC920C83FF40042148A /* VectorFont.swift */; };
		6CA2CCCC20C842CE0042148A /* Picture.swift in Sources */ = {isa = PBXBuildFile; fileRef = 6CA2CCCB20C842CE0042148A /* Picture.swift */; };
		6CA2CCCE20C8437B0042148A /* IconLoading.swift in Sources */ = {isa = PBXBuildFile; fileRef = 6CA2CCCD20C8437B0042148A /* IconLoading.swift */; };
		6CA2CCD020C843F60042148A /* VectorFontLoading.swift in Sources */ = {isa = PBXBuildFile; fileRef = 6CA2CCCF20C843F60042148A /* VectorFontLoading.swift */; };
		6CA2CCD220C8445C0042148A /* LayerColorLoading.swift in Sources */ = {isa = PBXBuildFile; fileRef = 6CA2CCD120C8445C0042148A /* LayerColorLoading.swift */; };
		6CA2CCD420C845000042148A /* PictureLoading.swift in Sources */ = {isa = PBXBuildFile; fileRef = 6CA2CCD320C845000042148A /* PictureLoading.swift */; };
		6CB025481F4ED75700B57D87 /* HyperCardCommonTests.swift in Sources */ = {isa = PBXBuildFile; fileRef = 6CB025471F4ED75700B57D87 /* HyperCardCommonTests.swift */; };
		6CB0254A1F4ED75700B57D87 /* HyperCardCommon.framework in Frameworks */ = {isa = PBXBuildFile; fileRef = 6C9E6A8B1E75BCCD00BBF925 /* HyperCardCommon.framework */; };
		6CB51D6A1F4F5486000C43D3 /* TestCardProperties.stack in Resources */ = {isa = PBXBuildFile; fileRef = 6CB51D691F4F5486000C43D3 /* TestCardProperties.stack */; };
		6CB51D6C1F4F5659000C43D3 /* TestBackgroundProperties.stack in Resources */ = {isa = PBXBuildFile; fileRef = 6CB51D6B1F4F5659000C43D3 /* TestBackgroundProperties.stack */; };
		6CB51D7A1F4F640A000C43D3 /* TestButtonProperties.stack in Resources */ = {isa = PBXBuildFile; fileRef = 6CB51D791F4F640A000C43D3 /* TestButtonProperties.stack */; };
		6CC67B751F4F03840070195B /* TestManyCards.stack in Resources */ = {isa = PBXBuildFile; fileRef = 6CC67B741F4F03840070195B /* TestManyCards.stack */; };
		6CDAC4EB1F4A2D8000DC5DC9 /* Property.swift in Sources */ = {isa = PBXBuildFile; fileRef = 6CDAC4EA1F4A2D8000DC5DC9 /* Property.swift */; };
		6CDAC4ED1F4A46CD00DC5DC9 /* ButtonView.swift in Sources */ = {isa = PBXBuildFile; fileRef = 6CDAC4EC1F4A46CD00DC5DC9 /* ButtonView.swift */; };
		6CE0C0F31F4EF1D0003AA9FC /* TestCantAbort.stack in Resources */ = {isa = PBXBuildFile; fileRef = 6CE0C0EB1F4EF1D0003AA9FC /* TestCantAbort.stack */; };
		6CE0C0F41F4EF1D0003AA9FC /* TestCantDelete.stack in Resources */ = {isa = PBXBuildFile; fileRef = 6CE0C0EC1F4EF1D0003AA9FC /* TestCantDelete.stack */; };
		6CE0C0F51F4EF1D0003AA9FC /* TestCantModify.stack in Resources */ = {isa = PBXBuildFile; fileRef = 6CE0C0ED1F4EF1D0003AA9FC /* TestCantModify.stack */; };
		6CE0C0F61F4EF1D0003AA9FC /* TestCantPeek.stack in Resources */ = {isa = PBXBuildFile; fileRef = 6CE0C0EE1F4EF1D0003AA9FC /* TestCantPeek.stack */; };
		6CE0C0F71F4EF1D0003AA9FC /* TestPassword.stack in Resources */ = {isa = PBXBuildFile; fileRef = 6CE0C0EF1F4EF1D0003AA9FC /* TestPassword.stack */; };
		6CE0C0F91F4EF1D0003AA9FC /* TestUserLevel1.stack in Resources */ = {isa = PBXBuildFile; fileRef = 6CE0C0F11F4EF1D0003AA9FC /* TestUserLevel1.stack */; };
		6CE0C0FA1F4EF1D0003AA9FC /* TestUserLevel5.stack in Resources */ = {isa = PBXBuildFile; fileRef = 6CE0C0F21F4EF1D0003AA9FC /* TestUserLevel5.stack */; };
		6CE0C0FC1F4EF460003AA9FC /* TestPrivateAccess.stack in Resources */ = {isa = PBXBuildFile; fileRef = 6CE0C0FB1F4EF460003AA9FC /* TestPrivateAccess.stack */; };
		6CE0C1011F4EF716003AA9FC /* TestVersion.stack in Resources */ = {isa = PBXBuildFile; fileRef = 6CE0C1001F4EF716003AA9FC /* TestVersion.stack */; };
		6CE0C1031F4EFC6D003AA9FC /* TestCardsBackgrounds.stack in Resources */ = {isa = PBXBuildFile; fileRef = 6CE0C1021F4EFC6D003AA9FC /* TestCardsBackgrounds.stack */; };
		6CE8F5BF20C4296600B99E39 /* ListBlockReader.swift in Sources */ = {isa = PBXBuildFile; fileRef = 6CE8F5BB20C4296600B99E39 /* ListBlockReader.swift */; };
		6CE8F5C020C4296600B99E39 /* StackReader.swift in Sources */ = {isa = PBXBuildFile; fileRef = 6CE8F5BC20C4296600B99E39 /* StackReader.swift */; };
		6CE8F5C120C4296600B99E39 /* PageBlockReader.swift in Sources */ = {isa = PBXBuildFile; fileRef = 6CE8F5BD20C4296600B99E39 /* PageBlockReader.swift */; };
		6CE8F5C220C4296600B99E39 /* MasterBlockReader.swift in Sources */ = {isa = PBXBuildFile; fileRef = 6CE8F5BE20C4296600B99E39 /* MasterBlockReader.swift */; };
		6CE8F5C420C4297600B99E39 /* StackBlockReader.swift in Sources */ = {isa = PBXBuildFile; fileRef = 6CE8F5C320C4297600B99E39 /* StackBlockReader.swift */; };
		6CE8F5C620C429C400B99E39 /* CardReference.swift in Sources */ = {isa = PBXBuildFile; fileRef = 6CE8F5C520C429C400B99E39 /* CardReference.swift */; };
		6CE8F5C820C429CB00B99E39 /* PageReference.swift in Sources */ = {isa = PBXBuildFile; fileRef = 6CE8F5C720C429CB00B99E39 /* PageReference.swift */; };
		6CE8F5CA20C429E800B99E39 /* MasterRecord.swift in Sources */ = {isa = PBXBuildFile; fileRef = 6CE8F5C920C429E700B99E39 /* MasterRecord.swift */; };
		6CE8F5CC20C42A0900B99E39 /* FreeLocation.swift in Sources */ = {isa = PBXBuildFile; fileRef = 6CE8F5CB20C42A0800B99E39 /* FreeLocation.swift */; };
		6CE8F5CE20C42A6A00B99E39 /* LayerBlockReader.swift in Sources */ = {isa = PBXBuildFile; fileRef = 6CE8F5CD20C42A6A00B99E39 /* LayerBlockReader.swift */; };
		6CE8F5D020C42B3100B99E39 /* CardBlockReader.swift in Sources */ = {isa = PBXBuildFile; fileRef = 6CE8F5CF20C42B3100B99E39 /* CardBlockReader.swift */; };
		6CE8F5D220C42B7400B99E39 /* BackgroundBlockReader.swift in Sources */ = {isa = PBXBuildFile; fileRef = 6CE8F5D120C42B7400B99E39 /* BackgroundBlockReader.swift */; };
		6CE8F5D420C42BAB00B99E39 /* PartBlockReader.swift in Sources */ = {isa = PBXBuildFile; fileRef = 6CE8F5D320C42BAB00B99E39 /* PartBlockReader.swift */; };
		6CE8F5D620C42C8200B99E39 /* ContentBlockReader.swift in Sources */ = {isa = PBXBuildFile; fileRef = 6CE8F5D520C42C8200B99E39 /* ContentBlockReader.swift */; };
		6CE8F5D820C42CB300B99E39 /* IndexedTextFormatting.swift in Sources */ = {isa = PBXBuildFile; fileRef = 6CE8F5D720C42CB300B99E39 /* IndexedTextFormatting.swift */; };
		6CE8F5DA20C42D1900B99E39 /* BitmapBlockReader.swift in Sources */ = {isa = PBXBuildFile; fileRef = 6CE8F5D920C42D1900B99E39 /* BitmapBlockReader.swift */; };
		6CE8F5DC20C42DEA00B99E39 /* StyleBlockReader.swift in Sources */ = {isa = PBXBuildFile; fileRef = 6CE8F5DB20C42DEA00B99E39 /* StyleBlockReader.swift */; };
		6CE8F5DE20C42E1100B99E39 /* IndexedStyle.swift in Sources */ = {isa = PBXBuildFile; fileRef = 6CE8F5DD20C42E1100B99E39 /* IndexedStyle.swift */; };
		6CE8F5E020C42E4500B99E39 /* FontBlockReader.swift in Sources */ = {isa = PBXBuildFile; fileRef = 6CE8F5DF20C42E4500B99E39 /* FontBlockReader.swift */; };
		6CE8F5EE20C4330700B99E39 /* LayerBlockCommonReader.swift in Sources */ = {isa = PBXBuildFile; fileRef = 6CE8F5ED20C4330700B99E39 /* LayerBlockCommonReader.swift */; };
		6CEBC0101F4F2E760031BDDC /* TestWindowSize.stack in Resources */ = {isa = PBXBuildFile; fileRef = 6CEBC00F1F4F2E760031BDDC /* TestWindowSize.stack */; };
		6CEBC0121F4F337D0031BDDC /* TestStackScript.stack in Resources */ = {isa = PBXBuildFile; fileRef = 6CEBC0111F4F337D0031BDDC /* TestStackScript.stack */; };
		6CEED1F920C9A83900A0DBE0 /* GraphicTests.swift in Sources */ = {isa = PBXBuildFile; fileRef = 6CEED1F820C9A83900A0DBE0 /* GraphicTests.swift */; };
		6CEED20F20C9AADF00A0DBE0 /* Home.stack in Resources */ = {isa = PBXBuildFile; fileRef = 6CEED20E20C9AADF00A0DBE0 /* Home.stack */; };
		6CEED22B20C9B5A200A0DBE0 /* Home 7.gif in Resources */ = {isa = PBXBuildFile; fileRef = 6CEED22220C9B5A100A0DBE0 /* Home 7.gif */; };
		6CEED22C20C9B5A200A0DBE0 /* Home 6.gif in Resources */ = {isa = PBXBuildFile; fileRef = 6CEED22320C9B5A100A0DBE0 /* Home 6.gif */; };
		6CEED22D20C9B5A200A0DBE0 /* Home 3.gif in Resources */ = {isa = PBXBuildFile; fileRef = 6CEED22420C9B5A200A0DBE0 /* Home 3.gif */; };
		6CEED22F20C9B5A200A0DBE0 /* Home 5.gif in Resources */ = {isa = PBXBuildFile; fileRef = 6CEED22620C9B5A200A0DBE0 /* Home 5.gif */; };
		6CEED23120C9B5A200A0DBE0 /* Home 8.gif in Resources */ = {isa = PBXBuildFile; fileRef = 6CEED22820C9B5A200A0DBE0 /* Home 8.gif */; };
		6CEED23220C9B5A200A0DBE0 /* Home 2.gif in Resources */ = {isa = PBXBuildFile; fileRef = 6CEED22920C9B5A200A0DBE0 /* Home 2.gif */; };
		6CEED23320C9B5A200A0DBE0 /* Home 4.gif in Resources */ = {isa = PBXBuildFile; fileRef = 6CEED22A20C9B5A200A0DBE0 /* Home 4.gif */; };
		6CEED23520C9B92200A0DBE0 /* Home.rsrc in Resources */ = {isa = PBXBuildFile; fileRef = 6CEED23420C9B92100A0DBE0 /* Home.rsrc */; };
		6CEED23720C9BE1800A0DBE0 /* Home 1.gif in Resources */ = {isa = PBXBuildFile; fileRef = 6CEED23620C9BE1800A0DBE0 /* Home 1.gif */; };
		6CEED23920C9BE2800A0DBE0 /* Home 9.gif in Resources */ = {isa = PBXBuildFile; fileRef = 6CEED23820C9BE2800A0DBE0 /* Home 9.gif */; };
/* End PBXBuildFile section */

/* Begin PBXContainerItemProxy section */
		6CB0254B1F4ED75700B57D87 /* PBXContainerItemProxy */ = {
			isa = PBXContainerItemProxy;
			containerPortal = 6C9E6A821E75BCCD00BBF925 /* Project object */;
			proxyType = 1;
			remoteGlobalIDString = 6C9E6A8A1E75BCCD00BBF925;
			remoteInfo = HyperCardCommon;
		};
/* End PBXContainerItemProxy section */

/* Begin PBXFileReference section */
		554760711F78464700C867C6 /* Media.xcassets */ = {isa = PBXFileReference; lastKnownFileType = folder.assetcatalog; path = Media.xcassets; sourceTree = "<group>"; };
		6C2AD4491F51A0BE00E2F8B9 /* WhiteView.swift */ = {isa = PBXFileReference; fileEncoding = 4; lastKnownFileType = sourcecode.swift; path = WhiteView.swift; sourceTree = "<group>"; };
		6C2AD44B1F51A4BB00E2F8B9 /* AddColorPainter.swift */ = {isa = PBXFileReference; fileEncoding = 4; lastKnownFileType = sourcecode.swift; path = AddColorPainter.swift; sourceTree = "<group>"; };
		6C2EF95320CAC0A300FAB8CA /* TestBitmap.stack */ = {isa = PBXFileReference; lastKnownFileType = file; path = TestBitmap.stack; sourceTree = "<group>"; };
		6C2EF95720CAC0E900FAB8CA /* TestBitmap 1.gif */ = {isa = PBXFileReference; lastKnownFileType = image.gif; path = "TestBitmap 1.gif"; sourceTree = "<group>"; };
		6C30878C1F48957100CCA9A7 /* PartLoading.swift */ = {isa = PBXFileReference; fileEncoding = 4; lastKnownFileType = sourcecode.swift; path = PartLoading.swift; sourceTree = "<group>"; };
		6C30E8D01F4D117A00ACB457 /* StringComparison.swift */ = {isa = PBXFileReference; fileEncoding = 4; lastKnownFileType = sourcecode.swift; path = StringComparison.swift; sourceTree = "<group>"; };
		6C549B1B1F50DA0000836AE2 /* RgbConversion.swift */ = {isa = PBXFileReference; fileEncoding = 4; lastKnownFileType = sourcecode.swift; path = RgbConversion.swift; sourceTree = "<group>"; };
		6C56FD071F56BBA40036FF8A /* TestStrangeFlags.stack */ = {isa = PBXFileReference; lastKnownFileType = file; path = TestStrangeFlags.stack; sourceTree = "<group>"; };
		6C56FD091F56BC2B0036FF8A /* DataTests.swift */ = {isa = PBXFileReference; fileEncoding = 4; lastKnownFileType = sourcecode.swift; path = DataTests.swift; sourceTree = "<group>"; };
		6C6064061F5B1DF600988560 /* HdmxTableReader.swift */ = {isa = PBXFileReference; fileEncoding = 4; lastKnownFileType = sourcecode.swift; path = HdmxTableReader.swift; sourceTree = "<group>"; };
		6C76AA9720C5956C009A3446 /* Computation.swift */ = {isa = PBXFileReference; lastKnownFileType = sourcecode.swift; path = Computation.swift; sourceTree = "<group>"; };
		6C7F7B9B1F4F7A1F00C9D3DC /* TestFieldProperties.stack */ = {isa = PBXFileReference; lastKnownFileType = file; path = TestFieldProperties.stack; sourceTree = "<group>"; };
		6C7F7B9D1F4F7AF500C9D3DC /* TestFreeSize.stack */ = {isa = PBXFileReference; lastKnownFileType = file; path = TestFreeSize.stack; sourceTree = "<group>"; };
		6C7F7BA11F4F7DD200C9D3DC /* TestContents.stack */ = {isa = PBXFileReference; lastKnownFileType = file; path = TestContents.stack; sourceTree = "<group>"; };
		6C7F7BA51F4F845900C9D3DC /* TestFormattedContent.stack */ = {isa = PBXFileReference; lastKnownFileType = file; path = TestFormattedContent.stack; sourceTree = "<group>"; };
		6C7F7BA71F4F9C3500C9D3DC /* TestV1.stack */ = {isa = PBXFileReference; lastKnownFileType = file; path = TestV1.stack; sourceTree = "<group>"; };
		6C8746261F5402E0005A41AB /* Responder.swift */ = {isa = PBXFileReference; fileEncoding = 4; lastKnownFileType = sourcecode.swift; path = Responder.swift; sourceTree = "<group>"; };
		6C9DF4D520C703DF0024F61B /* ResourceRepositoryLoading.swift */ = {isa = PBXFileReference; lastKnownFileType = sourcecode.swift; path = ResourceRepositoryLoading.swift; sourceTree = "<group>"; };
		6C9DF4D720C708A80024F61B /* MainRepository.swift */ = {isa = PBXFileReference; lastKnownFileType = sourcecode.swift; path = MainRepository.swift; sourceTree = "<group>"; };
		6C9DF4F120C7252C0024F61B /* ResourceMapReader.swift */ = {isa = PBXFileReference; fileEncoding = 4; lastKnownFileType = sourcecode.swift; path = ResourceMapReader.swift; sourceTree = "<group>"; };
		6C9DF4F220C7252C0024F61B /* FontFamilyResourceReader.swift */ = {isa = PBXFileReference; fileEncoding = 4; lastKnownFileType = sourcecode.swift; path = FontFamilyResourceReader.swift; sourceTree = "<group>"; };
		6C9DF4F320C7252C0024F61B /* BitmapFontResourceReader.swift */ = {isa = PBXFileReference; fileEncoding = 4; lastKnownFileType = sourcecode.swift; path = BitmapFontResourceReader.swift; sourceTree = "<group>"; };
		6C9DF4F520C7252C0024F61B /* ResourceRepositoryReader.swift */ = {isa = PBXFileReference; fileEncoding = 4; lastKnownFileType = sourcecode.swift; path = ResourceRepositoryReader.swift; sourceTree = "<group>"; };
		6C9DF4F620C7252C0024F61B /* ColorResourceReader.swift */ = {isa = PBXFileReference; fileEncoding = 4; lastKnownFileType = sourcecode.swift; path = ColorResourceReader.swift; sourceTree = "<group>"; };
		6C9DF4FF20C725620024F61B /* ResourceReference.swift */ = {isa = PBXFileReference; fileEncoding = 4; lastKnownFileType = sourcecode.swift; path = ResourceReference.swift; sourceTree = "<group>"; };
		6C9DF50120C7257C0024F61B /* AddColor.swift */ = {isa = PBXFileReference; fileEncoding = 4; lastKnownFileType = sourcecode.swift; path = AddColor.swift; sourceTree = "<group>"; };
		6C9DF50320C726090024F61B /* ResourceExtractor.swift */ = {isa = PBXFileReference; lastKnownFileType = sourcecode.swift; path = ResourceExtractor.swift; sourceTree = "<group>"; };
		6C9DF50620C732B10024F61B /* RichText.swift */ = {isa = PBXFileReference; lastKnownFileType = sourcecode.swift; path = RichText.swift; sourceTree = "<group>"; };
		6C9DF50A20C73A8A0024F61B /* TextLayout.swift */ = {isa = PBXFileReference; lastKnownFileType = sourcecode.swift; path = TextLayout.swift; sourceTree = "<group>"; };
		6C9DF50C20C7445A0024F61B /* TextDrawing.swift */ = {isa = PBXFileReference; lastKnownFileType = sourcecode.swift; path = TextDrawing.swift; sourceTree = "<group>"; };
		6C9E6A8B1E75BCCD00BBF925 /* HyperCardCommon.framework */ = {isa = PBXFileReference; explicitFileType = wrapper.framework; includeInIndex = 0; path = HyperCardCommon.framework; sourceTree = BUILT_PRODUCTS_DIR; };
		6C9E6A8E1E75BCCD00BBF925 /* HyperCardCommon.h */ = {isa = PBXFileReference; lastKnownFileType = sourcecode.c.h; path = HyperCardCommon.h; sourceTree = "<group>"; };
		6C9E6A8F1E75BCCD00BBF925 /* Info.plist */ = {isa = PBXFileReference; lastKnownFileType = text.plist.xml; path = Info.plist; sourceTree = "<group>"; };
		6C9E6A9C1E75BCFA00BBF925 /* Browser.swift */ = {isa = PBXFileReference; fileEncoding = 4; lastKnownFileType = sourcecode.swift; path = Browser.swift; sourceTree = "<group>"; };
		6C9E6A9E1E75BCFA00BBF925 /* CommonTypes.swift */ = {isa = PBXFileReference; fileEncoding = 4; lastKnownFileType = sourcecode.swift; path = CommonTypes.swift; sourceTree = "<group>"; };
		6C9E6A9F1E75BCFA00BBF925 /* Numeric Functions.swift */ = {isa = PBXFileReference; fileEncoding = 4; lastKnownFileType = sourcecode.swift; path = "Numeric Functions.swift"; sourceTree = "<group>"; };
		6C9E6AA01E75BCFA00BBF925 /* HyperCardBundle.swift */ = {isa = PBXFileReference; fileEncoding = 4; lastKnownFileType = sourcecode.swift; path = HyperCardBundle.swift; sourceTree = "<group>"; };
		6C9E6AA11E75BCFA00BBF925 /* NumericName.swift */ = {isa = PBXFileReference; fileEncoding = 4; lastKnownFileType = sourcecode.swift; path = NumericName.swift; sourceTree = "<group>"; };
		6C9E6AA21E75BCFA00BBF925 /* HString.swift */ = {isa = PBXFileReference; fileEncoding = 4; lastKnownFileType = sourcecode.swift; path = HString.swift; sourceTree = "<group>"; };
		6C9E6AA31E75BCFA00BBF925 /* SearchHash.swift */ = {isa = PBXFileReference; fileEncoding = 4; lastKnownFileType = sourcecode.swift; path = SearchHash.swift; sourceTree = "<group>"; };
		6C9E6AA51E75BCFA00BBF925 /* Stack.swift */ = {isa = PBXFileReference; fileEncoding = 4; lastKnownFileType = sourcecode.swift; path = Stack.swift; sourceTree = "<group>"; };
		6C9E6AA61E75BCFA00BBF925 /* Layer.swift */ = {isa = PBXFileReference; fileEncoding = 4; lastKnownFileType = sourcecode.swift; path = Layer.swift; sourceTree = "<group>"; };
		6C9E6AA71E75BCFA00BBF925 /* Card.swift */ = {isa = PBXFileReference; fileEncoding = 4; lastKnownFileType = sourcecode.swift; path = Card.swift; sourceTree = "<group>"; };
		6C9E6AA81E75BCFA00BBF925 /* Background.swift */ = {isa = PBXFileReference; fileEncoding = 4; lastKnownFileType = sourcecode.swift; path = Background.swift; sourceTree = "<group>"; };
		6C9E6AA91E75BCFA00BBF925 /* Part.swift */ = {isa = PBXFileReference; fileEncoding = 4; lastKnownFileType = sourcecode.swift; path = Part.swift; sourceTree = "<group>"; };
		6C9E6AAA1E75BCFA00BBF925 /* Field.swift */ = {isa = PBXFileReference; fileEncoding = 4; lastKnownFileType = sourcecode.swift; path = Field.swift; sourceTree = "<group>"; };
		6C9E6AAB1E75BCFA00BBF925 /* Button.swift */ = {isa = PBXFileReference; fileEncoding = 4; lastKnownFileType = sourcecode.swift; path = Button.swift; sourceTree = "<group>"; };
		6C9E6AAD1E75BCFA00BBF925 /* Resource.swift */ = {isa = PBXFileReference; fileEncoding = 4; lastKnownFileType = sourcecode.swift; path = Resource.swift; sourceTree = "<group>"; };
		6C9E6AAE1E75BCFA00BBF925 /* ResourceRepository.swift */ = {isa = PBXFileReference; fileEncoding = 4; lastKnownFileType = sourcecode.swift; path = ResourceRepository.swift; sourceTree = "<group>"; };
		6C9E6AAF1E75BCFA00BBF925 /* ResourceSystem.swift */ = {isa = PBXFileReference; fileEncoding = 4; lastKnownFileType = sourcecode.swift; path = ResourceSystem.swift; sourceTree = "<group>"; };
		6C9E6AB01E75BCFA00BBF925 /* FontFamily.swift */ = {isa = PBXFileReference; fileEncoding = 4; lastKnownFileType = sourcecode.swift; path = FontFamily.swift; sourceTree = "<group>"; };
		6C9E6AB11E75BCFA00BBF925 /* BitmapFont.swift */ = {isa = PBXFileReference; fileEncoding = 4; lastKnownFileType = sourcecode.swift; path = BitmapFont.swift; sourceTree = "<group>"; };
		6C9E6AB51E75BCFA00BBF925 /* ClassicFile.swift */ = {isa = PBXFileReference; fileEncoding = 4; lastKnownFileType = sourcecode.swift; path = ClassicFile.swift; sourceTree = "<group>"; };
		6C9E6AB61E75BCFA00BBF925 /* DataRange.swift */ = {isa = PBXFileReference; fileEncoding = 4; lastKnownFileType = sourcecode.swift; path = DataRange.swift; sourceTree = "<group>"; };
		6C9E6ABA1E75BCFA00BBF925 /* StackLoading.swift */ = {isa = PBXFileReference; fileEncoding = 4; lastKnownFileType = sourcecode.swift; path = StackLoading.swift; sourceTree = "<group>"; };
		6C9E6ADC1E75BCFA00BBF925 /* LayerLoading.swift */ = {isa = PBXFileReference; fileEncoding = 4; lastKnownFileType = sourcecode.swift; path = LayerLoading.swift; sourceTree = "<group>"; };
		6C9E6ADD1E75BCFA00BBF925 /* CardLoading.swift */ = {isa = PBXFileReference; fileEncoding = 4; lastKnownFileType = sourcecode.swift; path = CardLoading.swift; sourceTree = "<group>"; };
		6C9E6ADE1E75BCFA00BBF925 /* BackgroundLoading.swift */ = {isa = PBXFileReference; fileEncoding = 4; lastKnownFileType = sourcecode.swift; path = BackgroundLoading.swift; sourceTree = "<group>"; };
		6C9E6ADF1E75BCFA00BBF925 /* FieldLoading.swift */ = {isa = PBXFileReference; fileEncoding = 4; lastKnownFileType = sourcecode.swift; path = FieldLoading.swift; sourceTree = "<group>"; };
		6C9E6AE01E75BCFA00BBF925 /* ButtonLoading.swift */ = {isa = PBXFileReference; fileEncoding = 4; lastKnownFileType = sourcecode.swift; path = ButtonLoading.swift; sourceTree = "<group>"; };
		6C9E6AE31E75BCFA00BBF925 /* FontFamilyLoading.swift */ = {isa = PBXFileReference; fileEncoding = 4; lastKnownFileType = sourcecode.swift; path = FontFamilyLoading.swift; sourceTree = "<group>"; };
		6C9E6AE41E75BCFA00BBF925 /* BitmapFontLoading.swift */ = {isa = PBXFileReference; fileEncoding = 4; lastKnownFileType = sourcecode.swift; path = BitmapFontLoading.swift; sourceTree = "<group>"; };
		6C9E6AE91E75BCFA00BBF925 /* Image.swift */ = {isa = PBXFileReference; fileEncoding = 4; lastKnownFileType = sourcecode.swift; path = Image.swift; sourceTree = "<group>"; };
		6C9E6AEA1E75BCFA00BBF925 /* MaskedImage.swift */ = {isa = PBXFileReference; fileEncoding = 4; lastKnownFileType = sourcecode.swift; path = MaskedImage.swift; sourceTree = "<group>"; };
		6C9E6AEB1E75BCFA00BBF925 /* Drawing.swift */ = {isa = PBXFileReference; fileEncoding = 4; lastKnownFileType = sourcecode.swift; path = Drawing.swift; sourceTree = "<group>"; };
		6C9E6AEC1E75BCFA00BBF925 /* Icon Mask.swift */ = {isa = PBXFileReference; fileEncoding = 4; lastKnownFileType = sourcecode.swift; path = "Icon Mask.swift"; sourceTree = "<group>"; };
		6C9E6AED1E75BCFA00BBF925 /* View.swift */ = {isa = PBXFileReference; fileEncoding = 4; lastKnownFileType = sourcecode.swift; path = View.swift; sourceTree = "<group>"; };
		6C9E6AEF1E75BCFA00BBF925 /* LayerView.swift */ = {isa = PBXFileReference; fileEncoding = 4; lastKnownFileType = sourcecode.swift; path = LayerView.swift; sourceTree = "<group>"; };
		6C9E6AF01E75BCFA00BBF925 /* PartView.swift */ = {isa = PBXFileReference; fileEncoding = 4; lastKnownFileType = sourcecode.swift; path = PartView.swift; sourceTree = "<group>"; };
		6C9E6AF41E75BCFA00BBF925 /* FieldView.swift */ = {isa = PBXFileReference; fileEncoding = 4; lastKnownFileType = sourcecode.swift; path = FieldView.swift; sourceTree = "<group>"; };
		6C9E6AF61E75BCFA00BBF925 /* FontManager.swift */ = {isa = PBXFileReference; fileEncoding = 4; lastKnownFileType = sourcecode.swift; path = FontManager.swift; sourceTree = "<group>"; };
		6C9E6AF71E75BCFA00BBF925 /* FontDecorating.swift */ = {isa = PBXFileReference; fileEncoding = 4; lastKnownFileType = sourcecode.swift; path = FontDecorating.swift; sourceTree = "<group>"; };
		6C9E6AF81E75BCFA00BBF925 /* VectorFontConverting.swift */ = {isa = PBXFileReference; fileEncoding = 4; lastKnownFileType = sourcecode.swift; path = VectorFontConverting.swift; sourceTree = "<group>"; };
		6CA2CCB720C829DD0042148A /* OpeningError.swift */ = {isa = PBXFileReference; lastKnownFileType = sourcecode.swift; path = OpeningError.swift; sourceTree = "<group>"; };
		6CA2CCB920C82A500042148A /* HyperCardFile.swift */ = {isa = PBXFileReference; fileEncoding = 4; lastKnownFileType = sourcecode.swift; path = HyperCardFile.swift; sourceTree = "<group>"; };
		6CA2CCBB20C82A6C0042148A /* HyperCardFileLoading.swift */ = {isa = PBXFileReference; lastKnownFileType = sourcecode.swift; path = HyperCardFileLoading.swift; sourceTree = "<group>"; };
		6CA2CCBF20C82F820042148A /* StackBlockDecrypter.swift */ = {isa = PBXFileReference; lastKnownFileType = sourcecode.swift; path = StackBlockDecrypter.swift; sourceTree = "<group>"; };
		6CA2CCC720C83DE10042148A /* Icon.swift */ = {isa = PBXFileReference; lastKnownFileType = sourcecode.swift; path = Icon.swift; sourceTree = "<group>"; };
		6CA2CCC920C83FF40042148A /* VectorFont.swift */ = {isa = PBXFileReference; lastKnownFileType = sourcecode.swift; path = VectorFont.swift; sourceTree = "<group>"; };
		6CA2CCCB20C842CE0042148A /* Picture.swift */ = {isa = PBXFileReference; lastKnownFileType = sourcecode.swift; path = Picture.swift; sourceTree = "<group>"; };
		6CA2CCCD20C8437B0042148A /* IconLoading.swift */ = {isa = PBXFileReference; lastKnownFileType = sourcecode.swift; path = IconLoading.swift; sourceTree = "<group>"; };
		6CA2CCCF20C843F60042148A /* VectorFontLoading.swift */ = {isa = PBXFileReference; lastKnownFileType = sourcecode.swift; path = VectorFontLoading.swift; sourceTree = "<group>"; };
		6CA2CCD120C8445C0042148A /* LayerColorLoading.swift */ = {isa = PBXFileReference; lastKnownFileType = sourcecode.swift; path = LayerColorLoading.swift; sourceTree = "<group>"; };
		6CA2CCD320C845000042148A /* PictureLoading.swift */ = {isa = PBXFileReference; lastKnownFileType = sourcecode.swift; path = PictureLoading.swift; sourceTree = "<group>"; };
		6CB025451F4ED75700B57D87 /* HyperCardCommonTests.xctest */ = {isa = PBXFileReference; explicitFileType = wrapper.cfbundle; includeInIndex = 0; path = HyperCardCommonTests.xctest; sourceTree = BUILT_PRODUCTS_DIR; };
		6CB025471F4ED75700B57D87 /* HyperCardCommonTests.swift */ = {isa = PBXFileReference; lastKnownFileType = sourcecode.swift; path = HyperCardCommonTests.swift; sourceTree = "<group>"; };
		6CB025491F4ED75700B57D87 /* Info.plist */ = {isa = PBXFileReference; lastKnownFileType = text.plist.xml; path = Info.plist; sourceTree = "<group>"; };
		6CB51D691F4F5486000C43D3 /* TestCardProperties.stack */ = {isa = PBXFileReference; lastKnownFileType = file; path = TestCardProperties.stack; sourceTree = "<group>"; };
		6CB51D6B1F4F5659000C43D3 /* TestBackgroundProperties.stack */ = {isa = PBXFileReference; lastKnownFileType = file; path = TestBackgroundProperties.stack; sourceTree = "<group>"; };
		6CB51D791F4F640A000C43D3 /* TestButtonProperties.stack */ = {isa = PBXFileReference; lastKnownFileType = file; path = TestButtonProperties.stack; sourceTree = "<group>"; };
		6CC67B741F4F03840070195B /* TestManyCards.stack */ = {isa = PBXFileReference; lastKnownFileType = file; path = TestManyCards.stack; sourceTree = "<group>"; };
		6CDAC4EA1F4A2D8000DC5DC9 /* Property.swift */ = {isa = PBXFileReference; fileEncoding = 4; lastKnownFileType = sourcecode.swift; path = Property.swift; sourceTree = "<group>"; };
		6CDAC4EC1F4A46CD00DC5DC9 /* ButtonView.swift */ = {isa = PBXFileReference; fileEncoding = 4; lastKnownFileType = sourcecode.swift; path = ButtonView.swift; sourceTree = "<group>"; };
		6CE0C0EB1F4EF1D0003AA9FC /* TestCantAbort.stack */ = {isa = PBXFileReference; lastKnownFileType = file; path = TestCantAbort.stack; sourceTree = "<group>"; };
		6CE0C0EC1F4EF1D0003AA9FC /* TestCantDelete.stack */ = {isa = PBXFileReference; lastKnownFileType = file; path = TestCantDelete.stack; sourceTree = "<group>"; };
		6CE0C0ED1F4EF1D0003AA9FC /* TestCantModify.stack */ = {isa = PBXFileReference; lastKnownFileType = file; path = TestCantModify.stack; sourceTree = "<group>"; };
		6CE0C0EE1F4EF1D0003AA9FC /* TestCantPeek.stack */ = {isa = PBXFileReference; lastKnownFileType = file; path = TestCantPeek.stack; sourceTree = "<group>"; };
		6CE0C0EF1F4EF1D0003AA9FC /* TestPassword.stack */ = {isa = PBXFileReference; lastKnownFileType = file; path = TestPassword.stack; sourceTree = "<group>"; };
		6CE0C0F11F4EF1D0003AA9FC /* TestUserLevel1.stack */ = {isa = PBXFileReference; lastKnownFileType = file; path = TestUserLevel1.stack; sourceTree = "<group>"; };
		6CE0C0F21F4EF1D0003AA9FC /* TestUserLevel5.stack */ = {isa = PBXFileReference; lastKnownFileType = file; path = TestUserLevel5.stack; sourceTree = "<group>"; };
		6CE0C0FB1F4EF460003AA9FC /* TestPrivateAccess.stack */ = {isa = PBXFileReference; lastKnownFileType = file; path = TestPrivateAccess.stack; sourceTree = "<group>"; };
		6CE0C1001F4EF716003AA9FC /* TestVersion.stack */ = {isa = PBXFileReference; lastKnownFileType = file; path = TestVersion.stack; sourceTree = "<group>"; };
		6CE0C1021F4EFC6D003AA9FC /* TestCardsBackgrounds.stack */ = {isa = PBXFileReference; lastKnownFileType = file; path = TestCardsBackgrounds.stack; sourceTree = "<group>"; };
		6CE8F5BB20C4296600B99E39 /* ListBlockReader.swift */ = {isa = PBXFileReference; fileEncoding = 4; lastKnownFileType = sourcecode.swift; path = ListBlockReader.swift; sourceTree = "<group>"; };
		6CE8F5BC20C4296600B99E39 /* StackReader.swift */ = {isa = PBXFileReference; fileEncoding = 4; lastKnownFileType = sourcecode.swift; path = StackReader.swift; sourceTree = "<group>"; };
		6CE8F5BD20C4296600B99E39 /* PageBlockReader.swift */ = {isa = PBXFileReference; fileEncoding = 4; lastKnownFileType = sourcecode.swift; path = PageBlockReader.swift; sourceTree = "<group>"; };
		6CE8F5BE20C4296600B99E39 /* MasterBlockReader.swift */ = {isa = PBXFileReference; fileEncoding = 4; lastKnownFileType = sourcecode.swift; path = MasterBlockReader.swift; sourceTree = "<group>"; };
		6CE8F5C320C4297600B99E39 /* StackBlockReader.swift */ = {isa = PBXFileReference; fileEncoding = 4; lastKnownFileType = sourcecode.swift; path = StackBlockReader.swift; sourceTree = "<group>"; };
		6CE8F5C520C429C400B99E39 /* CardReference.swift */ = {isa = PBXFileReference; fileEncoding = 4; lastKnownFileType = sourcecode.swift; path = CardReference.swift; sourceTree = "<group>"; };
		6CE8F5C720C429CB00B99E39 /* PageReference.swift */ = {isa = PBXFileReference; fileEncoding = 4; lastKnownFileType = sourcecode.swift; path = PageReference.swift; sourceTree = "<group>"; };
		6CE8F5C920C429E700B99E39 /* MasterRecord.swift */ = {isa = PBXFileReference; fileEncoding = 4; lastKnownFileType = sourcecode.swift; path = MasterRecord.swift; sourceTree = "<group>"; };
		6CE8F5CB20C42A0800B99E39 /* FreeLocation.swift */ = {isa = PBXFileReference; fileEncoding = 4; lastKnownFileType = sourcecode.swift; path = FreeLocation.swift; sourceTree = "<group>"; };
		6CE8F5CD20C42A6A00B99E39 /* LayerBlockReader.swift */ = {isa = PBXFileReference; lastKnownFileType = sourcecode.swift; path = LayerBlockReader.swift; sourceTree = "<group>"; };
		6CE8F5CF20C42B3100B99E39 /* CardBlockReader.swift */ = {isa = PBXFileReference; lastKnownFileType = sourcecode.swift; path = CardBlockReader.swift; sourceTree = "<group>"; };
		6CE8F5D120C42B7400B99E39 /* BackgroundBlockReader.swift */ = {isa = PBXFileReference; lastKnownFileType = sourcecode.swift; path = BackgroundBlockReader.swift; sourceTree = "<group>"; };
		6CE8F5D320C42BAB00B99E39 /* PartBlockReader.swift */ = {isa = PBXFileReference; lastKnownFileType = sourcecode.swift; path = PartBlockReader.swift; sourceTree = "<group>"; };
		6CE8F5D520C42C8200B99E39 /* ContentBlockReader.swift */ = {isa = PBXFileReference; lastKnownFileType = sourcecode.swift; path = ContentBlockReader.swift; sourceTree = "<group>"; };
		6CE8F5D720C42CB300B99E39 /* IndexedTextFormatting.swift */ = {isa = PBXFileReference; lastKnownFileType = sourcecode.swift; path = IndexedTextFormatting.swift; sourceTree = "<group>"; };
		6CE8F5D920C42D1900B99E39 /* BitmapBlockReader.swift */ = {isa = PBXFileReference; lastKnownFileType = sourcecode.swift; path = BitmapBlockReader.swift; sourceTree = "<group>"; };
		6CE8F5DB20C42DEA00B99E39 /* StyleBlockReader.swift */ = {isa = PBXFileReference; lastKnownFileType = sourcecode.swift; path = StyleBlockReader.swift; sourceTree = "<group>"; };
		6CE8F5DD20C42E1100B99E39 /* IndexedStyle.swift */ = {isa = PBXFileReference; lastKnownFileType = sourcecode.swift; path = IndexedStyle.swift; sourceTree = "<group>"; };
		6CE8F5DF20C42E4500B99E39 /* FontBlockReader.swift */ = {isa = PBXFileReference; lastKnownFileType = sourcecode.swift; path = FontBlockReader.swift; sourceTree = "<group>"; };
		6CE8F5ED20C4330700B99E39 /* LayerBlockCommonReader.swift */ = {isa = PBXFileReference; lastKnownFileType = sourcecode.swift; path = LayerBlockCommonReader.swift; sourceTree = "<group>"; };
		6CEBC00F1F4F2E760031BDDC /* TestWindowSize.stack */ = {isa = PBXFileReference; lastKnownFileType = file; path = TestWindowSize.stack; sourceTree = "<group>"; };
		6CEBC0111F4F337D0031BDDC /* TestStackScript.stack */ = {isa = PBXFileReference; lastKnownFileType = file; path = TestStackScript.stack; sourceTree = "<group>"; };
		6CEED1F820C9A83900A0DBE0 /* GraphicTests.swift */ = {isa = PBXFileReference; lastKnownFileType = sourcecode.swift; path = GraphicTests.swift; sourceTree = "<group>"; };
		6CEED20E20C9AADF00A0DBE0 /* Home.stack */ = {isa = PBXFileReference; lastKnownFileType = file; path = Home.stack; sourceTree = "<group>"; };
		6CEED22220C9B5A100A0DBE0 /* Home 7.gif */ = {isa = PBXFileReference; lastKnownFileType = image.gif; path = "Home 7.gif"; sourceTree = "<group>"; };
		6CEED22320C9B5A100A0DBE0 /* Home 6.gif */ = {isa = PBXFileReference; lastKnownFileType = image.gif; path = "Home 6.gif"; sourceTree = "<group>"; };
		6CEED22420C9B5A200A0DBE0 /* Home 3.gif */ = {isa = PBXFileReference; lastKnownFileType = image.gif; path = "Home 3.gif"; sourceTree = "<group>"; };
		6CEED22620C9B5A200A0DBE0 /* Home 5.gif */ = {isa = PBXFileReference; lastKnownFileType = image.gif; path = "Home 5.gif"; sourceTree = "<group>"; };
		6CEED22820C9B5A200A0DBE0 /* Home 8.gif */ = {isa = PBXFileReference; lastKnownFileType = image.gif; path = "Home 8.gif"; sourceTree = "<group>"; };
		6CEED22920C9B5A200A0DBE0 /* Home 2.gif */ = {isa = PBXFileReference; lastKnownFileType = image.gif; path = "Home 2.gif"; sourceTree = "<group>"; };
		6CEED22A20C9B5A200A0DBE0 /* Home 4.gif */ = {isa = PBXFileReference; lastKnownFileType = image.gif; path = "Home 4.gif"; sourceTree = "<group>"; };
		6CEED23420C9B92100A0DBE0 /* Home.rsrc */ = {isa = PBXFileReference; lastKnownFileType = archive.rsrc; path = Home.rsrc; sourceTree = "<group>"; };
		6CEED23620C9BE1800A0DBE0 /* Home 1.gif */ = {isa = PBXFileReference; lastKnownFileType = image.gif; path = "Home 1.gif"; sourceTree = "<group>"; };
		6CEED23820C9BE2800A0DBE0 /* Home 9.gif */ = {isa = PBXFileReference; lastKnownFileType = image.gif; path = "Home 9.gif"; sourceTree = "<group>"; };
/* End PBXFileReference section */

/* Begin PBXFrameworksBuildPhase section */
		6C9E6A871E75BCCD00BBF925 /* Frameworks */ = {
			isa = PBXFrameworksBuildPhase;
			buildActionMask = 2147483647;
			files = (
			);
			runOnlyForDeploymentPostprocessing = 0;
		};
		6CB025421F4ED75700B57D87 /* Frameworks */ = {
			isa = PBXFrameworksBuildPhase;
			buildActionMask = 2147483647;
			files = (
				6CB0254A1F4ED75700B57D87 /* HyperCardCommon.framework in Frameworks */,
			);
			runOnlyForDeploymentPostprocessing = 0;
		};
/* End PBXFrameworksBuildPhase section */

/* Begin PBXGroup section */
		6C9DF4EE20C725100024F61B /* Resources */ = {
			isa = PBXGroup;
			children = (
				6C9DF4F520C7252C0024F61B /* ResourceRepositoryReader.swift */,
				6C9DF4F120C7252C0024F61B /* ResourceMapReader.swift */,
				6C9DF4F220C7252C0024F61B /* FontFamilyResourceReader.swift */,
				6C9DF4F320C7252C0024F61B /* BitmapFontResourceReader.swift */,
				6C9DF4F620C7252C0024F61B /* ColorResourceReader.swift */,
			);
			name = Resources;
			sourceTree = "<group>";
		};
		6C9DF50520C732860024F61B /* Common */ = {
			isa = PBXGroup;
			children = (
				6C9E6AE91E75BCFA00BBF925 /* Image.swift */,
				6C9E6AEA1E75BCFA00BBF925 /* MaskedImage.swift */,
				6C9E6AEB1E75BCFA00BBF925 /* Drawing.swift */,
				6C9E6AEC1E75BCFA00BBF925 /* Icon Mask.swift */,
				6C549B1B1F50DA0000836AE2 /* RgbConversion.swift */,
				6C2AD44B1F51A4BB00E2F8B9 /* AddColorPainter.swift */,
				6C9DF50620C732B10024F61B /* RichText.swift */,
				6C9DF50A20C73A8A0024F61B /* TextLayout.swift */,
				6C9DF50C20C7445A0024F61B /* TextDrawing.swift */,
			);
			name = Common;
			sourceTree = "<group>";
		};
		6C9E6A811E75BCCD00BBF925 = {
			isa = PBXGroup;
			children = (
				6C9E6A8D1E75BCCD00BBF925 /* HyperCardCommon */,
				6C9E6C461E75BEEA00BBF925 /* Resources */,
				6CB025461F4ED75700B57D87 /* HyperCardCommonTests */,
				6C9E6A8C1E75BCCD00BBF925 /* Products */,
			);
			sourceTree = "<group>";
			usesTabs = 0;
		};
		6C9E6A8C1E75BCCD00BBF925 /* Products */ = {
			isa = PBXGroup;
			children = (
				6C9E6A8B1E75BCCD00BBF925 /* HyperCardCommon.framework */,
				6CB025451F4ED75700B57D87 /* HyperCardCommonTests.xctest */,
			);
			name = Products;
			sourceTree = "<group>";
		};
		6C9E6A8D1E75BCCD00BBF925 /* HyperCardCommon */ = {
			isa = PBXGroup;
			children = (
				6C9E6A8E1E75BCCD00BBF925 /* HyperCardCommon.h */,
				6C9E6A9C1E75BCFA00BBF925 /* Browser.swift */,
				6C9DF4D720C708A80024F61B /* MainRepository.swift */,
				6C9E6AA41E75BCFA00BBF925 /* Common */,
				6C9E6AB41E75BCFA00BBF925 /* Data */,
				6C9E6AE81E75BCFA00BBF925 /* File */,
				6C9E6AFA1E75BCFA00BBF925 /* Graphics */,
				6C9E6A8F1E75BCCD00BBF925 /* Info.plist */,
			);
			path = HyperCardCommon;
			sourceTree = "<group>";
		};
		6C9E6AA41E75BCFA00BBF925 /* Common */ = {
			isa = PBXGroup;
			children = (
				6C9E6A9E1E75BCFA00BBF925 /* CommonTypes.swift */,
				6C9E6A9F1E75BCFA00BBF925 /* Numeric Functions.swift */,
				6C9E6AA01E75BCFA00BBF925 /* HyperCardBundle.swift */,
				6C9E6AA11E75BCFA00BBF925 /* NumericName.swift */,
				6C9E6AA21E75BCFA00BBF925 /* HString.swift */,
				6C9E6AA31E75BCFA00BBF925 /* SearchHash.swift */,
				6CDAC4EA1F4A2D8000DC5DC9 /* Property.swift */,
				6C76AA9720C5956C009A3446 /* Computation.swift */,
				6C30E8D01F4D117A00ACB457 /* StringComparison.swift */,
				6C9E6AAF1E75BCFA00BBF925 /* ResourceSystem.swift */,
			);
			name = Common;
			sourceTree = "<group>";
		};
		6C9E6AAC1E75BCFA00BBF925 /* Stack */ = {
			isa = PBXGroup;
			children = (
				6C9E6AA51E75BCFA00BBF925 /* Stack.swift */,
				6C9E6AA61E75BCFA00BBF925 /* Layer.swift */,
				6C9E6AA71E75BCFA00BBF925 /* Card.swift */,
				6C9E6AA81E75BCFA00BBF925 /* Background.swift */,
				6C9E6AA91E75BCFA00BBF925 /* Part.swift */,
				6C9E6AAA1E75BCFA00BBF925 /* Field.swift */,
				6C9E6AAB1E75BCFA00BBF925 /* Button.swift */,
			);
			name = Stack;
			sourceTree = "<group>";
		};
		6C9E6AB31E75BCFA00BBF925 /* Resources */ = {
			isa = PBXGroup;
			children = (
				6C9E6AAE1E75BCFA00BBF925 /* ResourceRepository.swift */,
				6C9E6AAD1E75BCFA00BBF925 /* Resource.swift */,
				6CA2CCC720C83DE10042148A /* Icon.swift */,
				6C9E6AB01E75BCFA00BBF925 /* FontFamily.swift */,
				6C9E6AB11E75BCFA00BBF925 /* BitmapFont.swift */,
				6CA2CCC920C83FF40042148A /* VectorFont.swift */,
				6C9DF50120C7257C0024F61B /* AddColor.swift */,
				6CA2CCCB20C842CE0042148A /* Picture.swift */,
			);
			name = Resources;
			sourceTree = "<group>";
		};
		6C9E6AB41E75BCFA00BBF925 /* Data */ = {
			isa = PBXGroup;
			children = (
				6CA2CCB920C82A500042148A /* HyperCardFile.swift */,
				6C9E6AAC1E75BCFA00BBF925 /* Stack */,
				6C9E6AB31E75BCFA00BBF925 /* Resources */,
			);
			name = Data;
			sourceTree = "<group>";
		};
		6C9E6AB91E75BCFA00BBF925 /* Common */ = {
			isa = PBXGroup;
			children = (
				6C9E6AB51E75BCFA00BBF925 /* ClassicFile.swift */,
				6C9E6AB61E75BCFA00BBF925 /* DataRange.swift */,
				6CE8F5C920C429E700B99E39 /* MasterRecord.swift */,
				6CE8F5C720C429CB00B99E39 /* PageReference.swift */,
				6CE8F5C520C429C400B99E39 /* CardReference.swift */,
				6CE8F5CB20C42A0800B99E39 /* FreeLocation.swift */,
				6CE8F5D720C42CB300B99E39 /* IndexedTextFormatting.swift */,
				6CE8F5DD20C42E1100B99E39 /* IndexedStyle.swift */,
				6C9DF4FF20C725620024F61B /* ResourceReference.swift */,
				6CA2CCB720C829DD0042148A /* OpeningError.swift */,
				6CA2CCBF20C82F820042148A /* StackBlockDecrypter.swift */,
				6C9DF50320C726090024F61B /* ResourceExtractor.swift */,
			);
			name = Common;
			sourceTree = "<group>";
		};
		6C9E6AE11E75BCFA00BBF925 /* Stack */ = {
			isa = PBXGroup;
			children = (
				6C9E6ABA1E75BCFA00BBF925 /* StackLoading.swift */,
				6C9E6ADC1E75BCFA00BBF925 /* LayerLoading.swift */,
				6C9E6ADD1E75BCFA00BBF925 /* CardLoading.swift */,
				6C9E6ADE1E75BCFA00BBF925 /* BackgroundLoading.swift */,
				6C30878C1F48957100CCA9A7 /* PartLoading.swift */,
				6C9E6ADF1E75BCFA00BBF925 /* FieldLoading.swift */,
				6C9E6AE01E75BCFA00BBF925 /* ButtonLoading.swift */,
			);
			name = Stack;
			sourceTree = "<group>";
		};
		6C9E6AE61E75BCFA00BBF925 /* Resources */ = {
			isa = PBXGroup;
			children = (
				6C9DF4D520C703DF0024F61B /* ResourceRepositoryLoading.swift */,
				6CA2CCCD20C8437B0042148A /* IconLoading.swift */,
				6C9E6AE31E75BCFA00BBF925 /* FontFamilyLoading.swift */,
				6C9E6AE41E75BCFA00BBF925 /* BitmapFontLoading.swift */,
				6CA2CCCF20C843F60042148A /* VectorFontLoading.swift */,
				6CA2CCD120C8445C0042148A /* LayerColorLoading.swift */,
				6CA2CCD320C845000042148A /* PictureLoading.swift */,
			);
			name = Resources;
			sourceTree = "<group>";
		};
		6C9E6AE71E75BCFA00BBF925 /* Loading */ = {
			isa = PBXGroup;
			children = (
				6CA2CCBB20C82A6C0042148A /* HyperCardFileLoading.swift */,
				6C9E6AE11E75BCFA00BBF925 /* Stack */,
				6C9E6AE61E75BCFA00BBF925 /* Resources */,
			);
			name = Loading;
			sourceTree = "<group>";
		};
		6C9E6AE81E75BCFA00BBF925 /* File */ = {
			isa = PBXGroup;
			children = (
				6C9E6AE71E75BCFA00BBF925 /* Loading */,
				6CA2CCBE20C82D2F0042148A /* Reading */,
				6C9E6AB91E75BCFA00BBF925 /* Common */,
			);
			name = File;
			sourceTree = "<group>";
		};
		6C9E6AF51E75BCFA00BBF925 /* Views */ = {
			isa = PBXGroup;
			children = (
				6C9E6AED1E75BCFA00BBF925 /* View.swift */,
				6C8746261F5402E0005A41AB /* Responder.swift */,
				6C9E6AEF1E75BCFA00BBF925 /* LayerView.swift */,
				6C2AD4491F51A0BE00E2F8B9 /* WhiteView.swift */,
				6C9E6AF01E75BCFA00BBF925 /* PartView.swift */,
				6CDAC4EC1F4A46CD00DC5DC9 /* ButtonView.swift */,
				6C9E6AF41E75BCFA00BBF925 /* FieldView.swift */,
			);
			name = Views;
			sourceTree = "<group>";
		};
		6C9E6AF91E75BCFA00BBF925 /* Fonts */ = {
			isa = PBXGroup;
			children = (
				6C9E6AF61E75BCFA00BBF925 /* FontManager.swift */,
				6C9E6AF71E75BCFA00BBF925 /* FontDecorating.swift */,
				6C9E6AF81E75BCFA00BBF925 /* VectorFontConverting.swift */,
				6C6064061F5B1DF600988560 /* HdmxTableReader.swift */,
			);
			name = Fonts;
			sourceTree = "<group>";
		};
		6C9E6AFA1E75BCFA00BBF925 /* Graphics */ = {
			isa = PBXGroup;
			children = (
				6C9DF50520C732860024F61B /* Common */,
				6C9E6AF51E75BCFA00BBF925 /* Views */,
				6C9E6AF91E75BCFA00BBF925 /* Fonts */,
			);
			name = Graphics;
			sourceTree = "<group>";
		};
		6C9E6C461E75BEEA00BBF925 /* Resources */ = {
			isa = PBXGroup;
			children = (
				554760711F78464700C867C6 /* Media.xcassets */,
			);
			name = Resources;
			path = HyperCardCommon/Resources;
			sourceTree = "<group>";
		};
		6CA2CCBE20C82D2F0042148A /* Reading */ = {
			isa = PBXGroup;
			children = (
				6CE8F5BA20C428F400B99E39 /* Stack */,
				6C9DF4EE20C725100024F61B /* Resources */,
			);
			name = Reading;
			sourceTree = "<group>";
		};
		6CB025461F4ED75700B57D87 /* HyperCardCommonTests */ = {
			isa = PBXGroup;
			children = (
				6CB025471F4ED75700B57D87 /* HyperCardCommonTests.swift */,
				6C56FD091F56BC2B0036FF8A /* DataTests.swift */,
				6CEED1F820C9A83900A0DBE0 /* GraphicTests.swift */,
				6CB025501F4ED7A700B57D87 /* Resources */,
				6CB025491F4ED75700B57D87 /* Info.plist */,
			);
			path = HyperCardCommonTests;
			sourceTree = "<group>";
		};
		6CB025501F4ED7A700B57D87 /* Resources */ = {
			isa = PBXGroup;
			children = (
				6CEED1FB20C9AA8F00A0DBE0 /* Data */,
				6CEED1FA20C9AA8300A0DBE0 /* Graphic */,
			);
			name = Resources;
			sourceTree = "<group>";
		};
		6CE0C0FD1F4EF4D2003AA9FC /* Security */ = {
			isa = PBXGroup;
			children = (
				6CE0C0EB1F4EF1D0003AA9FC /* TestCantAbort.stack */,
				6CE0C0EC1F4EF1D0003AA9FC /* TestCantDelete.stack */,
				6CE0C0ED1F4EF1D0003AA9FC /* TestCantModify.stack */,
				6CE0C0EE1F4EF1D0003AA9FC /* TestCantPeek.stack */,
				6CE0C0EF1F4EF1D0003AA9FC /* TestPassword.stack */,
				6CE0C0FB1F4EF460003AA9FC /* TestPrivateAccess.stack */,
				6CE0C0F11F4EF1D0003AA9FC /* TestUserLevel1.stack */,
				6CE0C0F21F4EF1D0003AA9FC /* TestUserLevel5.stack */,
			);
			name = Security;
			sourceTree = "<group>";
		};
		6CE8F5BA20C428F400B99E39 /* Stack */ = {
			isa = PBXGroup;
			children = (
				6CE8F5BC20C4296600B99E39 /* StackReader.swift */,
				6CE8F5C320C4297600B99E39 /* StackBlockReader.swift */,
				6CE8F5BE20C4296600B99E39 /* MasterBlockReader.swift */,
				6CE8F5BB20C4296600B99E39 /* ListBlockReader.swift */,
				6CE8F5BD20C4296600B99E39 /* PageBlockReader.swift */,
				6CE8F5CD20C42A6A00B99E39 /* LayerBlockReader.swift */,
				6CE8F5ED20C4330700B99E39 /* LayerBlockCommonReader.swift */,
				6CE8F5CF20C42B3100B99E39 /* CardBlockReader.swift */,
				6CE8F5D120C42B7400B99E39 /* BackgroundBlockReader.swift */,
				6CE8F5D320C42BAB00B99E39 /* PartBlockReader.swift */,
				6CE8F5D520C42C8200B99E39 /* ContentBlockReader.swift */,
				6CE8F5D920C42D1900B99E39 /* BitmapBlockReader.swift */,
				6CE8F5DB20C42DEA00B99E39 /* StyleBlockReader.swift */,
				6CE8F5DF20C42E4500B99E39 /* FontBlockReader.swift */,
			);
			name = Stack;
			sourceTree = "<group>";
		};
		6CEED1FA20C9AA8300A0DBE0 /* Graphic */ = {
			isa = PBXGroup;
			children = (
				6CEED20E20C9AADF00A0DBE0 /* Home.stack */,
				6CEED23420C9B92100A0DBE0 /* Home.rsrc */,
				6CEED23620C9BE1800A0DBE0 /* Home 1.gif */,
				6CEED22920C9B5A200A0DBE0 /* Home 2.gif */,
				6CEED22420C9B5A200A0DBE0 /* Home 3.gif */,
				6CEED22A20C9B5A200A0DBE0 /* Home 4.gif */,
				6CEED22620C9B5A200A0DBE0 /* Home 5.gif */,
				6CEED22320C9B5A100A0DBE0 /* Home 6.gif */,
				6CEED22220C9B5A100A0DBE0 /* Home 7.gif */,
				6CEED22820C9B5A200A0DBE0 /* Home 8.gif */,
				6CEED23820C9BE2800A0DBE0 /* Home 9.gif */,
				6C2EF95320CAC0A300FAB8CA /* TestBitmap.stack */,
				6C2EF95720CAC0E900FAB8CA /* TestBitmap 1.gif */,
			);
			name = Graphic;
			sourceTree = "<group>";
		};
		6CEED1FB20C9AA8F00A0DBE0 /* Data */ = {
			isa = PBXGroup;
			children = (
				6CE0C1021F4EFC6D003AA9FC /* TestCardsBackgrounds.stack */,
				6C7F7B9D1F4F7AF500C9D3DC /* TestFreeSize.stack */,
				6CE0C0FD1F4EF4D2003AA9FC /* Security */,
				6CE0C1001F4EF716003AA9FC /* TestVersion.stack */,
				6CC67B741F4F03840070195B /* TestManyCards.stack */,
				6CEBC00F1F4F2E760031BDDC /* TestWindowSize.stack */,
				6CEBC0111F4F337D0031BDDC /* TestStackScript.stack */,
				6CB51D691F4F5486000C43D3 /* TestCardProperties.stack */,
				6CB51D6B1F4F5659000C43D3 /* TestBackgroundProperties.stack */,
				6CB51D791F4F640A000C43D3 /* TestButtonProperties.stack */,
				6C7F7B9B1F4F7A1F00C9D3DC /* TestFieldProperties.stack */,
				6C7F7BA11F4F7DD200C9D3DC /* TestContents.stack */,
				6C7F7BA51F4F845900C9D3DC /* TestFormattedContent.stack */,
				6C7F7BA71F4F9C3500C9D3DC /* TestV1.stack */,
				6C56FD071F56BBA40036FF8A /* TestStrangeFlags.stack */,
			);
			name = Data;
			sourceTree = "<group>";
		};
/* End PBXGroup section */

/* Begin PBXHeadersBuildPhase section */
		6C9E6A881E75BCCD00BBF925 /* Headers */ = {
			isa = PBXHeadersBuildPhase;
			buildActionMask = 2147483647;
			files = (
				6C9E6A901E75BCCD00BBF925 /* HyperCardCommon.h in Headers */,
			);
			runOnlyForDeploymentPostprocessing = 0;
		};
/* End PBXHeadersBuildPhase section */

/* Begin PBXNativeTarget section */
		6C9E6A8A1E75BCCD00BBF925 /* HyperCardCommon */ = {
			isa = PBXNativeTarget;
			buildConfigurationList = 6C9E6A931E75BCCD00BBF925 /* Build configuration list for PBXNativeTarget "HyperCardCommon" */;
			buildPhases = (
				6C9E6A861E75BCCD00BBF925 /* Sources */,
				6C9E6A871E75BCCD00BBF925 /* Frameworks */,
				6C9E6A881E75BCCD00BBF925 /* Headers */,
				6C9E6A891E75BCCD00BBF925 /* Resources */,
			);
			buildRules = (
			);
			dependencies = (
			);
			name = HyperCardCommon;
			productName = HyperCardCommon;
			productReference = 6C9E6A8B1E75BCCD00BBF925 /* HyperCardCommon.framework */;
			productType = "com.apple.product-type.framework";
		};
		6CB025441F4ED75700B57D87 /* HyperCardCommonTests */ = {
			isa = PBXNativeTarget;
			buildConfigurationList = 6CB0254F1F4ED75700B57D87 /* Build configuration list for PBXNativeTarget "HyperCardCommonTests" */;
			buildPhases = (
				6CB025411F4ED75700B57D87 /* Sources */,
				6CB025421F4ED75700B57D87 /* Frameworks */,
				6CB025431F4ED75700B57D87 /* Resources */,
			);
			buildRules = (
			);
			dependencies = (
				6CB0254C1F4ED75700B57D87 /* PBXTargetDependency */,
			);
			name = HyperCardCommonTests;
			productName = HyperCardCommonTests;
			productReference = 6CB025451F4ED75700B57D87 /* HyperCardCommonTests.xctest */;
			productType = "com.apple.product-type.bundle.unit-test";
		};
/* End PBXNativeTarget section */

/* Begin PBXProject section */
		6C9E6A821E75BCCD00BBF925 /* Project object */ = {
			isa = PBXProject;
			attributes = {
				LastSwiftUpdateCheck = 0830;
				LastUpgradeCheck = 0930;
				ORGANIZATIONNAME = "Pierre Lorenzi";
				TargetAttributes = {
					6C9E6A8A1E75BCCD00BBF925 = {
						CreatedOnToolsVersion = 8.2.1;
						DevelopmentTeam = 4635GNGBF8;
						LastSwiftMigration = 1000;
						ProvisioningStyle = Automatic;
					};
					6CB025441F4ED75700B57D87 = {
						CreatedOnToolsVersion = 8.3.3;
						LastSwiftMigration = 1000;
						ProvisioningStyle = Automatic;
					};
				};
			};
			buildConfigurationList = 6C9E6A851E75BCCD00BBF925 /* Build configuration list for PBXProject "HyperCardCommon" */;
			compatibilityVersion = "Xcode 3.2";
			developmentRegion = English;
			hasScannedForEncodings = 0;
			knownRegions = (
				en,
			);
			mainGroup = 6C9E6A811E75BCCD00BBF925;
			productRefGroup = 6C9E6A8C1E75BCCD00BBF925 /* Products */;
			projectDirPath = "";
			projectRoot = "";
			targets = (
				6C9E6A8A1E75BCCD00BBF925 /* HyperCardCommon */,
				6CB025441F4ED75700B57D87 /* HyperCardCommonTests */,
			);
		};
/* End PBXProject section */

/* Begin PBXResourcesBuildPhase section */
		6C9E6A891E75BCCD00BBF925 /* Resources */ = {
			isa = PBXResourcesBuildPhase;
			buildActionMask = 2147483647;
			files = (
				554760721F78464700C867C6 /* Media.xcassets in Resources */,
			);
			runOnlyForDeploymentPostprocessing = 0;
		};
		6CB025431F4ED75700B57D87 /* Resources */ = {
			isa = PBXResourcesBuildPhase;
			buildActionMask = 2147483647;
			files = (
				6CEED22F20C9B5A200A0DBE0 /* Home 5.gif in Resources */,
				6CE0C0F91F4EF1D0003AA9FC /* TestUserLevel1.stack in Resources */,
				6CB51D6A1F4F5486000C43D3 /* TestCardProperties.stack in Resources */,
				6CE0C0F41F4EF1D0003AA9FC /* TestCantDelete.stack in Resources */,
				6CE0C0F51F4EF1D0003AA9FC /* TestCantModify.stack in Resources */,
				6CC67B751F4F03840070195B /* TestManyCards.stack in Resources */,
				6CE0C0F71F4EF1D0003AA9FC /* TestPassword.stack in Resources */,
				6CEED23120C9B5A200A0DBE0 /* Home 8.gif in Resources */,
				6C7F7BA81F4F9C3500C9D3DC /* TestV1.stack in Resources */,
				6CE0C0FC1F4EF460003AA9FC /* TestPrivateAccess.stack in Resources */,
				6CEED23320C9B5A200A0DBE0 /* Home 4.gif in Resources */,
				6C2EF95520CAC0A400FAB8CA /* TestBitmap.stack in Resources */,
				6C7F7B9C1F4F7A1F00C9D3DC /* TestFieldProperties.stack in Resources */,
				6CB51D7A1F4F640A000C43D3 /* TestButtonProperties.stack in Resources */,
				6C7F7B9E1F4F7AF500C9D3DC /* TestFreeSize.stack in Resources */,
				6CB51D6C1F4F5659000C43D3 /* TestBackgroundProperties.stack in Resources */,
				6C7F7BA21F4F7DD200C9D3DC /* TestContents.stack in Resources */,
				6CE0C0F61F4EF1D0003AA9FC /* TestCantPeek.stack in Resources */,
				6CEED22B20C9B5A200A0DBE0 /* Home 7.gif in Resources */,
				6CEED23220C9B5A200A0DBE0 /* Home 2.gif in Resources */,
				6CEBC0101F4F2E760031BDDC /* TestWindowSize.stack in Resources */,
				6C2EF95820CAC0E900FAB8CA /* TestBitmap 1.gif in Resources */,
				6CE0C1031F4EFC6D003AA9FC /* TestCardsBackgrounds.stack in Resources */,
				6C7F7BA61F4F845900C9D3DC /* TestFormattedContent.stack in Resources */,
				6CEED23720C9BE1800A0DBE0 /* Home 1.gif in Resources */,
				6CEED20F20C9AADF00A0DBE0 /* Home.stack in Resources */,
				6CE0C0FA1F4EF1D0003AA9FC /* TestUserLevel5.stack in Resources */,
				6CEBC0121F4F337D0031BDDC /* TestStackScript.stack in Resources */,
				6C56FD081F56BBA40036FF8A /* TestStrangeFlags.stack in Resources */,
				6CEED23920C9BE2800A0DBE0 /* Home 9.gif in Resources */,
				6CEED22D20C9B5A200A0DBE0 /* Home 3.gif in Resources */,
				6CEED22C20C9B5A200A0DBE0 /* Home 6.gif in Resources */,
				6CE0C0F31F4EF1D0003AA9FC /* TestCantAbort.stack in Resources */,
				6CE0C1011F4EF716003AA9FC /* TestVersion.stack in Resources */,
				6CEED23520C9B92200A0DBE0 /* Home.rsrc in Resources */,
			);
			runOnlyForDeploymentPostprocessing = 0;
		};
/* End PBXResourcesBuildPhase section */

/* Begin PBXSourcesBuildPhase section */
		6C9E6A861E75BCCD00BBF925 /* Sources */ = {
			isa = PBXSourcesBuildPhase;
			buildActionMask = 2147483647;
			files = (
				6C9E6B331E75BCFA00BBF925 /* CardLoading.swift in Sources */,
				6C9E6B0C1E75BCFA00BBF925 /* ResourceSystem.swift in Sources */,
				6C9DF4D820C708A80024F61B /* MainRepository.swift in Sources */,
				6C9E6B0A1E75BCFA00BBF925 /* Resource.swift in Sources */,
				6C9DF50720C732B10024F61B /* RichText.swift in Sources */,
				6C9E6B381E75BCFA00BBF925 /* FontFamilyLoading.swift in Sources */,
				6C9E6B3E1E75BCFA00BBF925 /* Icon Mask.swift in Sources */,
				6CE8F5C220C4296600B99E39 /* MasterBlockReader.swift in Sources */,
				6CDAC4ED1F4A46CD00DC5DC9 /* ButtonView.swift in Sources */,
				6C9DF4FD20C7252D0024F61B /* ResourceRepositoryReader.swift in Sources */,
				6C9E6B031E75BCFA00BBF925 /* Stack.swift in Sources */,
				6C9E6AFB1E75BCFA00BBF925 /* Browser.swift in Sources */,
				6CA2CCCC20C842CE0042148A /* Picture.swift in Sources */,
				6C76AA9820C5956C009A3446 /* Computation.swift in Sources */,
				6CE8F5DC20C42DEA00B99E39 /* StyleBlockReader.swift in Sources */,
				6CE8F5CE20C42A6A00B99E39 /* LayerBlockReader.swift in Sources */,
				6C2AD44C1F51A4BB00E2F8B9 /* AddColorPainter.swift in Sources */,
				6CE8F5D020C42B3100B99E39 /* CardBlockReader.swift in Sources */,
				6C9E6B001E75BCFA00BBF925 /* NumericName.swift in Sources */,
				6C9E6B421E75BCFA00BBF925 /* PartView.swift in Sources */,
				6C9E6B071E75BCFA00BBF925 /* Part.swift in Sources */,
				6C9E6B481E75BCFA00BBF925 /* FontDecorating.swift in Sources */,
				6CE8F5D620C42C8200B99E39 /* ContentBlockReader.swift in Sources */,
				6CA2CCCE20C8437B0042148A /* IconLoading.swift in Sources */,
				6C2AD44A1F51A0BE00E2F8B9 /* WhiteView.swift in Sources */,
				6C9DF4FB20C7252D0024F61B /* BitmapFontResourceReader.swift in Sources */,
				6C9E6B3D1E75BCFA00BBF925 /* Drawing.swift in Sources */,
				6C9E6B3C1E75BCFA00BBF925 /* MaskedImage.swift in Sources */,
				6C9DF50220C7257C0024F61B /* AddColor.swift in Sources */,
				6CE8F5BF20C4296600B99E39 /* ListBlockReader.swift in Sources */,
				6CA2CCCA20C83FF40042148A /* VectorFont.swift in Sources */,
				6CA2CCD420C845000042148A /* PictureLoading.swift in Sources */,
				6C9E6AFE1E75BCFA00BBF925 /* Numeric Functions.swift in Sources */,
				6C9E6B3B1E75BCFA00BBF925 /* Image.swift in Sources */,
				6CDAC4EB1F4A2D8000DC5DC9 /* Property.swift in Sources */,
				6C9E6B101E75BCFA00BBF925 /* ClassicFile.swift in Sources */,
				6C9E6B411E75BCFA00BBF925 /* LayerView.swift in Sources */,
				6CE8F5D420C42BAB00B99E39 /* PartBlockReader.swift in Sources */,
				6CA2CCBA20C82A500042148A /* HyperCardFile.swift in Sources */,
				6C9DF50420C726090024F61B /* ResourceExtractor.swift in Sources */,
				6C8746271F5402E0005A41AB /* Responder.swift in Sources */,
				6C9E6AFD1E75BCFA00BBF925 /* CommonTypes.swift in Sources */,
				6CE8F5CA20C429E800B99E39 /* MasterRecord.swift in Sources */,
				6C9E6B021E75BCFA00BBF925 /* SearchHash.swift in Sources */,
				6C9E6B041E75BCFA00BBF925 /* Layer.swift in Sources */,
				6CE8F5DA20C42D1900B99E39 /* BitmapBlockReader.swift in Sources */,
				6C9E6B3F1E75BCFA00BBF925 /* View.swift in Sources */,
				6C9E6B141E75BCFA00BBF925 /* StackLoading.swift in Sources */,
				6CA2CCD020C843F60042148A /* VectorFontLoading.swift in Sources */,
				6CE8F5CC20C42A0900B99E39 /* FreeLocation.swift in Sources */,
				6CE8F5C820C429CB00B99E39 /* PageReference.swift in Sources */,
				6C9E6B0E1E75BCFA00BBF925 /* BitmapFont.swift in Sources */,
				6CA2CCC820C83DE10042148A /* Icon.swift in Sources */,
				6C9DF50B20C73A8A0024F61B /* TextLayout.swift in Sources */,
				6C9E6AFF1E75BCFA00BBF925 /* HyperCardBundle.swift in Sources */,
				6CE8F5C020C4296600B99E39 /* StackReader.swift in Sources */,
				6C9E6B091E75BCFA00BBF925 /* Button.swift in Sources */,
				6C9E6B111E75BCFA00BBF925 /* DataRange.swift in Sources */,
				6C9DF4F920C7252C0024F61B /* ResourceMapReader.swift in Sources */,
				6C549B1C1F50DA0000836AE2 /* RgbConversion.swift in Sources */,
				6C9E6B491E75BCFA00BBF925 /* VectorFontConverting.swift in Sources */,
				6C9E6B341E75BCFA00BBF925 /* BackgroundLoading.swift in Sources */,
				6CE8F5D820C42CB300B99E39 /* IndexedTextFormatting.swift in Sources */,
				6C6064071F5B1DF600988560 /* HdmxTableReader.swift in Sources */,
				6C9E6B011E75BCFA00BBF925 /* HString.swift in Sources */,
				6C9E6B361E75BCFA00BBF925 /* ButtonLoading.swift in Sources */,
				6CE8F5C420C4297600B99E39 /* StackBlockReader.swift in Sources */,
				6C9DF4FA20C7252D0024F61B /* FontFamilyResourceReader.swift in Sources */,
				6CE8F5C620C429C400B99E39 /* CardReference.swift in Sources */,
				6C9E6B0D1E75BCFA00BBF925 /* FontFamily.swift in Sources */,
				6CE8F5EE20C4330700B99E39 /* LayerBlockCommonReader.swift in Sources */,
				6C9DF50D20C7445A0024F61B /* TextDrawing.swift in Sources */,
				6C9E6B321E75BCFA00BBF925 /* LayerLoading.swift in Sources */,
				6CE8F5DE20C42E1100B99E39 /* IndexedStyle.swift in Sources */,
				6CA2CCD220C8445C0042148A /* LayerColorLoading.swift in Sources */,
				6CA2CCC020C82F820042148A /* StackBlockDecrypter.swift in Sources */,
				6CA2CCBC20C82A6C0042148A /* HyperCardFileLoading.swift in Sources */,
				6CA2CCB820C829DD0042148A /* OpeningError.swift in Sources */,
				6C9DF4FE20C7252D0024F61B /* ColorResourceReader.swift in Sources */,
				6CE8F5D220C42B7400B99E39 /* BackgroundBlockReader.swift in Sources */,
				6C30E8D11F4D117A00ACB457 /* StringComparison.swift in Sources */,
				6CE8F5E020C42E4500B99E39 /* FontBlockReader.swift in Sources */,
				6C9E6B0B1E75BCFA00BBF925 /* ResourceRepository.swift in Sources */,
				6C30878D1F48957100CCA9A7 /* PartLoading.swift in Sources */,
				6C9E6B051E75BCFA00BBF925 /* Card.swift in Sources */,
				6C9E6B461E75BCFA00BBF925 /* FieldView.swift in Sources */,
				6C9E6B081E75BCFA00BBF925 /* Field.swift in Sources */,
				6C9DF50020C725620024F61B /* ResourceReference.swift in Sources */,
				6CE8F5C120C4296600B99E39 /* PageBlockReader.swift in Sources */,
				6C9E6B471E75BCFA00BBF925 /* FontManager.swift in Sources */,
				6C9E6B061E75BCFA00BBF925 /* Background.swift in Sources */,
				6C9E6B351E75BCFA00BBF925 /* FieldLoading.swift in Sources */,
				6C9DF4D620C703DF0024F61B /* ResourceRepositoryLoading.swift in Sources */,
				6C9E6B391E75BCFA00BBF925 /* BitmapFontLoading.swift in Sources */,
			);
			runOnlyForDeploymentPostprocessing = 0;
		};
		6CB025411F4ED75700B57D87 /* Sources */ = {
			isa = PBXSourcesBuildPhase;
			buildActionMask = 2147483647;
			files = (
				6CB025481F4ED75700B57D87 /* HyperCardCommonTests.swift in Sources */,
				6C56FD0A1F56BC2B0036FF8A /* DataTests.swift in Sources */,
				6CEED1F920C9A83900A0DBE0 /* GraphicTests.swift in Sources */,
			);
			runOnlyForDeploymentPostprocessing = 0;
		};
/* End PBXSourcesBuildPhase section */

/* Begin PBXTargetDependency section */
		6CB0254C1F4ED75700B57D87 /* PBXTargetDependency */ = {
			isa = PBXTargetDependency;
			target = 6C9E6A8A1E75BCCD00BBF925 /* HyperCardCommon */;
			targetProxy = 6CB0254B1F4ED75700B57D87 /* PBXContainerItemProxy */;
		};
/* End PBXTargetDependency section */

/* Begin XCBuildConfiguration section */
		6C9E6A911E75BCCD00BBF925 /* Debug */ = {
			isa = XCBuildConfiguration;
			buildSettings = {
				ALWAYS_SEARCH_USER_PATHS = NO;
				CLANG_ANALYZER_NONNULL = YES;
				CLANG_CXX_LANGUAGE_STANDARD = "gnu++0x";
				CLANG_CXX_LIBRARY = "libc++";
				CLANG_ENABLE_MODULES = YES;
				CLANG_ENABLE_OBJC_ARC = YES;
				CLANG_WARN_BLOCK_CAPTURE_AUTORELEASING = YES;
				CLANG_WARN_BOOL_CONVERSION = YES;
				CLANG_WARN_COMMA = YES;
				CLANG_WARN_CONSTANT_CONVERSION = YES;
				CLANG_WARN_DEPRECATED_OBJC_IMPLEMENTATIONS = YES;
				CLANG_WARN_DIRECT_OBJC_ISA_USAGE = YES_ERROR;
				CLANG_WARN_DOCUMENTATION_COMMENTS = YES;
				CLANG_WARN_EMPTY_BODY = YES;
				CLANG_WARN_ENUM_CONVERSION = YES;
				CLANG_WARN_INFINITE_RECURSION = YES;
				CLANG_WARN_INT_CONVERSION = YES;
				CLANG_WARN_NON_LITERAL_NULL_CONVERSION = YES;
				CLANG_WARN_OBJC_IMPLICIT_RETAIN_SELF = YES;
				CLANG_WARN_OBJC_LITERAL_CONVERSION = YES;
				CLANG_WARN_OBJC_ROOT_CLASS = YES_ERROR;
				CLANG_WARN_RANGE_LOOP_ANALYSIS = YES;
				CLANG_WARN_STRICT_PROTOTYPES = YES;
				CLANG_WARN_SUSPICIOUS_MOVE = YES;
				CLANG_WARN_UNREACHABLE_CODE = YES;
				CLANG_WARN__DUPLICATE_METHOD_MATCH = YES;
				CODE_SIGN_IDENTITY = "";
				COPY_PHASE_STRIP = NO;
				CURRENT_PROJECT_VERSION = 1;
				DEBUG_INFORMATION_FORMAT = dwarf;
				ENABLE_STRICT_OBJC_MSGSEND = YES;
				ENABLE_TESTABILITY = YES;
				GCC_C_LANGUAGE_STANDARD = gnu99;
				GCC_DYNAMIC_NO_PIC = NO;
				GCC_NO_COMMON_BLOCKS = YES;
				GCC_OPTIMIZATION_LEVEL = 0;
				GCC_PREPROCESSOR_DEFINITIONS = (
					"DEBUG=1",
					"$(inherited)",
				);
				GCC_WARN_64_TO_32_BIT_CONVERSION = YES;
				GCC_WARN_ABOUT_RETURN_TYPE = YES_ERROR;
				GCC_WARN_UNDECLARED_SELECTOR = YES;
				GCC_WARN_UNINITIALIZED_AUTOS = YES_AGGRESSIVE;
				GCC_WARN_UNUSED_FUNCTION = YES;
				GCC_WARN_UNUSED_VARIABLE = YES;
				MACOSX_DEPLOYMENT_TARGET = 10.12;
				MTL_ENABLE_DEBUG_INFO = YES;
				ONLY_ACTIVE_ARCH = YES;
				SDKROOT = macosx;
				SWIFT_ACTIVE_COMPILATION_CONDITIONS = DEBUG;
				SWIFT_OPTIMIZATION_LEVEL = "-Onone";
				VERSIONING_SYSTEM = "apple-generic";
				VERSION_INFO_PREFIX = "";
			};
			name = Debug;
		};
		6C9E6A921E75BCCD00BBF925 /* Release */ = {
			isa = XCBuildConfiguration;
			buildSettings = {
				ALWAYS_SEARCH_USER_PATHS = NO;
				CLANG_ANALYZER_NONNULL = YES;
				CLANG_CXX_LANGUAGE_STANDARD = "gnu++0x";
				CLANG_CXX_LIBRARY = "libc++";
				CLANG_ENABLE_MODULES = YES;
				CLANG_ENABLE_OBJC_ARC = YES;
				CLANG_WARN_BLOCK_CAPTURE_AUTORELEASING = YES;
				CLANG_WARN_BOOL_CONVERSION = YES;
				CLANG_WARN_COMMA = YES;
				CLANG_WARN_CONSTANT_CONVERSION = YES;
				CLANG_WARN_DEPRECATED_OBJC_IMPLEMENTATIONS = YES;
				CLANG_WARN_DIRECT_OBJC_ISA_USAGE = YES_ERROR;
				CLANG_WARN_DOCUMENTATION_COMMENTS = YES;
				CLANG_WARN_EMPTY_BODY = YES;
				CLANG_WARN_ENUM_CONVERSION = YES;
				CLANG_WARN_INFINITE_RECURSION = YES;
				CLANG_WARN_INT_CONVERSION = YES;
				CLANG_WARN_NON_LITERAL_NULL_CONVERSION = YES;
				CLANG_WARN_OBJC_IMPLICIT_RETAIN_SELF = YES;
				CLANG_WARN_OBJC_LITERAL_CONVERSION = YES;
				CLANG_WARN_OBJC_ROOT_CLASS = YES_ERROR;
				CLANG_WARN_RANGE_LOOP_ANALYSIS = YES;
				CLANG_WARN_STRICT_PROTOTYPES = YES;
				CLANG_WARN_SUSPICIOUS_MOVE = YES;
				CLANG_WARN_UNREACHABLE_CODE = YES;
				CLANG_WARN__DUPLICATE_METHOD_MATCH = YES;
				CODE_SIGN_IDENTITY = "-";
				COPY_PHASE_STRIP = NO;
				CURRENT_PROJECT_VERSION = 1;
				DEBUG_INFORMATION_FORMAT = "dwarf-with-dsym";
				ENABLE_NS_ASSERTIONS = NO;
				ENABLE_STRICT_OBJC_MSGSEND = YES;
				GCC_C_LANGUAGE_STANDARD = gnu99;
				GCC_NO_COMMON_BLOCKS = YES;
				GCC_WARN_64_TO_32_BIT_CONVERSION = YES;
				GCC_WARN_ABOUT_RETURN_TYPE = YES_ERROR;
				GCC_WARN_UNDECLARED_SELECTOR = YES;
				GCC_WARN_UNINITIALIZED_AUTOS = YES_AGGRESSIVE;
				GCC_WARN_UNUSED_FUNCTION = YES;
				GCC_WARN_UNUSED_VARIABLE = YES;
				MACOSX_DEPLOYMENT_TARGET = 10.12;
				MTL_ENABLE_DEBUG_INFO = NO;
				SDKROOT = macosx;
				SWIFT_OPTIMIZATION_LEVEL = "-Owholemodule";
				VERSIONING_SYSTEM = "apple-generic";
				VERSION_INFO_PREFIX = "";
			};
			name = Release;
		};
		6C9E6A941E75BCCD00BBF925 /* Debug */ = {
			isa = XCBuildConfiguration;
			buildSettings = {
				CODE_SIGN_IDENTITY = "";
				COMBINE_HIDPI_IMAGES = YES;
				DEFINES_MODULE = YES;
				DEVELOPMENT_TEAM = 4635GNGBF8;
				DYLIB_COMPATIBILITY_VERSION = 1;
				DYLIB_CURRENT_VERSION = 1;
				DYLIB_INSTALL_NAME_BASE = "@rpath";
				FRAMEWORK_VERSION = A;
				INFOPLIST_FILE = HyperCardCommon/Info.plist;
				INSTALL_PATH = "$(LOCAL_LIBRARY_DIR)/Frameworks";
				LD_RUNPATH_SEARCH_PATHS = "$(inherited) @executable_path/../Frameworks @loader_path/Frameworks";
				PRODUCT_BUNDLE_IDENTIFIER = fr.pierrelorenzi.HyperCardCommon;
				PRODUCT_NAME = "$(TARGET_NAME)";
				SKIP_INSTALL = YES;
				SWIFT_VERSION = 4.2;
			};
			name = Debug;
		};
		6C9E6A951E75BCCD00BBF925 /* Release */ = {
			isa = XCBuildConfiguration;
			buildSettings = {
				CODE_SIGN_IDENTITY = "";
				COMBINE_HIDPI_IMAGES = YES;
				DEFINES_MODULE = YES;
				DEVELOPMENT_TEAM = 4635GNGBF8;
				DYLIB_COMPATIBILITY_VERSION = 1;
				DYLIB_CURRENT_VERSION = 1;
				DYLIB_INSTALL_NAME_BASE = "@rpath";
				FRAMEWORK_VERSION = A;
				INFOPLIST_FILE = HyperCardCommon/Info.plist;
				INSTALL_PATH = "$(LOCAL_LIBRARY_DIR)/Frameworks";
				LD_RUNPATH_SEARCH_PATHS = "$(inherited) @executable_path/../Frameworks @loader_path/Frameworks";
				PRODUCT_BUNDLE_IDENTIFIER = fr.pierrelorenzi.HyperCardCommon;
				PRODUCT_NAME = "$(TARGET_NAME)";
				SKIP_INSTALL = YES;
				SWIFT_VERSION = 4.2;
			};
			name = Release;
		};
		6CB0254D1F4ED75700B57D87 /* Debug */ = {
			isa = XCBuildConfiguration;
			buildSettings = {
				CLANG_ANALYZER_NUMBER_OBJECT_CONVERSION = YES_AGGRESSIVE;
				COMBINE_HIDPI_IMAGES = YES;
				INFOPLIST_FILE = HyperCardCommonTests/Info.plist;
				LD_RUNPATH_SEARCH_PATHS = "$(inherited) @executable_path/../Frameworks @loader_path/../Frameworks";
				PRODUCT_BUNDLE_IDENTIFIER = Pierre.HyperCardCommonTests;
				PRODUCT_NAME = "$(TARGET_NAME)";
				SWIFT_VERSION = 4.2;
			};
			name = Debug;
		};
		6CB0254E1F4ED75700B57D87 /* Release */ = {
			isa = XCBuildConfiguration;
			buildSettings = {
				CLANG_ANALYZER_NUMBER_OBJECT_CONVERSION = YES_AGGRESSIVE;
				COMBINE_HIDPI_IMAGES = YES;
				INFOPLIST_FILE = HyperCardCommonTests/Info.plist;
				LD_RUNPATH_SEARCH_PATHS = "$(inherited) @executable_path/../Frameworks @loader_path/../Frameworks";
				PRODUCT_BUNDLE_IDENTIFIER = Pierre.HyperCardCommonTests;
				PRODUCT_NAME = "$(TARGET_NAME)";
				SWIFT_VERSION = 4.2;
			};
			name = Release;
		};
/* End XCBuildConfiguration section */

/* Begin XCConfigurationList section */
		6C9E6A851E75BCCD00BBF925 /* Build configuration list for PBXProject "HyperCardCommon" */ = {
			isa = XCConfigurationList;
			buildConfigurations = (
				6C9E6A911E75BCCD00BBF925 /* Debug */,
				6C9E6A921E75BCCD00BBF925 /* Release */,
			);
			defaultConfigurationIsVisible = 0;
			defaultConfigurationName = Release;
		};
		6C9E6A931E75BCCD00BBF925 /* Build configuration list for PBXNativeTarget "HyperCardCommon" */ = {
			isa = XCConfigurationList;
			buildConfigurations = (
				6C9E6A941E75BCCD00BBF925 /* Debug */,
				6C9E6A951E75BCCD00BBF925 /* Release */,
			);
			defaultConfigurationIsVisible = 0;
			defaultConfigurationName = Release;
		};
		6CB0254F1F4ED75700B57D87 /* Build configuration list for PBXNativeTarget "HyperCardCommonTests" */ = {
			isa = XCConfigurationList;
			buildConfigurations = (
				6CB0254D1F4ED75700B57D87 /* Debug */,
				6CB0254E1F4ED75700B57D87 /* Release */,
			);
			defaultConfigurationIsVisible = 0;
			defaultConfigurationName = Release;
		};
/* End XCConfigurationList section */
	};
	rootObject = 6C9E6A821E75BCCD00BBF925 /* Project object */;
}
